// !$*UTF8*$!
{
	archiveVersion = 1;
	classes = {
	};
	objectVersion = 56;
	objects = {

/* Begin PBXBuildFile section */
		372FEF35291B7DF1004F3B16 /* AppDelegate.swift in Sources */ = {isa = PBXBuildFile; fileRef = 372FEF34291B7DF1004F3B16 /* AppDelegate.swift */; };
		372FEF37291B7DF1004F3B16 /* SceneDelegate.swift in Sources */ = {isa = PBXBuildFile; fileRef = 372FEF36291B7DF1004F3B16 /* SceneDelegate.swift */; };
		372FEF39291B7DF1004F3B16 /* ViewController.swift in Sources */ = {isa = PBXBuildFile; fileRef = 372FEF38291B7DF1004F3B16 /* ViewController.swift */; };
		372FEF3C291B7DF1004F3B16 /* Main.storyboard in Resources */ = {isa = PBXBuildFile; fileRef = 372FEF3A291B7DF1004F3B16 /* Main.storyboard */; };
		372FEF3E291B7DF3004F3B16 /* Assets.xcassets in Resources */ = {isa = PBXBuildFile; fileRef = 372FEF3D291B7DF3004F3B16 /* Assets.xcassets */; };
		372FEF41291B7DF3004F3B16 /* LaunchScreen.storyboard in Resources */ = {isa = PBXBuildFile; fileRef = 372FEF3F291B7DF3004F3B16 /* LaunchScreen.storyboard */; };
		372FEF4A291B7E33004F3B16 /* SnapKit in Frameworks */ = {isa = PBXBuildFile; productRef = 372FEF49291B7E33004F3B16 /* SnapKit */; };
		372FEF4C291B7EF6004F3B16 /* ColletionVeiwCell.swift in Sources */ = {isa = PBXBuildFile; fileRef = 372FEF4B291B7EF6004F3B16 /* ColletionVeiwCell.swift */; };
/* End PBXBuildFile section */

/* Begin PBXFileReference section */
		372FEF31291B7DF1004F3B16 /* CompostionLayout.app */ = {isa = PBXFileReference; explicitFileType = wrapper.application; includeInIndex = 0; path = CompostionLayout.app; sourceTree = BUILT_PRODUCTS_DIR; };
		372FEF34291B7DF1004F3B16 /* AppDelegate.swift */ = {isa = PBXFileReference; lastKnownFileType = sourcecode.swift; path = AppDelegate.swift; sourceTree = "<group>"; };
		372FEF36291B7DF1004F3B16 /* SceneDelegate.swift */ = {isa = PBXFileReference; lastKnownFileType = sourcecode.swift; path = SceneDelegate.swift; sourceTree = "<group>"; };
		372FEF38291B7DF1004F3B16 /* ViewController.swift */ = {isa = PBXFileReference; lastKnownFileType = sourcecode.swift; path = ViewController.swift; sourceTree = "<group>"; };
		372FEF3B291B7DF1004F3B16 /* Base */ = {isa = PBXFileReference; lastKnownFileType = file.storyboard; name = Base; path = Base.lproj/Main.storyboard; sourceTree = "<group>"; };
		372FEF3D291B7DF3004F3B16 /* Assets.xcassets */ = {isa = PBXFileReference; lastKnownFileType = folder.assetcatalog; path = Assets.xcassets; sourceTree = "<group>"; };
		372FEF40291B7DF3004F3B16 /* Base */ = {isa = PBXFileReference; lastKnownFileType = file.storyboard; name = Base; path = Base.lproj/LaunchScreen.storyboard; sourceTree = "<group>"; };
		372FEF42291B7DF3004F3B16 /* Info.plist */ = {isa = PBXFileReference; lastKnownFileType = text.plist.xml; path = Info.plist; sourceTree = "<group>"; };
		372FEF4B291B7EF6004F3B16 /* ColletionVeiwCell.swift */ = {isa = PBXFileReference; lastKnownFileType = sourcecode.swift; path = ColletionVeiwCell.swift; sourceTree = "<group>"; };
/* End PBXFileReference section */

/* Begin PBXFrameworksBuildPhase section */
		372FEF2E291B7DF1004F3B16 /* Frameworks */ = {
			isa = PBXFrameworksBuildPhase;
			buildActionMask = 2147483647;
			files = (
				372FEF4A291B7E33004F3B16 /* SnapKit in Frameworks */,
			);
			runOnlyForDeploymentPostprocessing = 0;
		};
/* End PBXFrameworksBuildPhase section */

/* Begin PBXGroup section */
		372FEF28291B7DF1004F3B16 = {
			isa = PBXGroup;
			children = (
				372FEF33291B7DF1004F3B16 /* CompostionLayout */,
				372FEF32291B7DF1004F3B16 /* Products */,
			);
			sourceTree = "<group>";
		};
		372FEF32291B7DF1004F3B16 /* Products */ = {
			isa = PBXGroup;
			children = (
				372FEF31291B7DF1004F3B16 /* CompostionLayout.app */,
			);
			name = Products;
			sourceTree = "<group>";
		};
		372FEF33291B7DF1004F3B16 /* CompostionLayout */ = {
			isa = PBXGroup;
			children = (
				372FEF34291B7DF1004F3B16 /* AppDelegate.swift */,
				372FEF36291B7DF1004F3B16 /* SceneDelegate.swift */,
				372FEF38291B7DF1004F3B16 /* ViewController.swift */,
				372FEF4B291B7EF6004F3B16 /* ColletionVeiwCell.swift */,
				372FEF3A291B7DF1004F3B16 /* Main.storyboard */,
				372FEF3D291B7DF3004F3B16 /* Assets.xcassets */,
				372FEF3F291B7DF3004F3B16 /* LaunchScreen.storyboard */,
				372FEF42291B7DF3004F3B16 /* Info.plist */,
			);
			path = CompostionLayout;
			sourceTree = "<group>";
		};
/* End PBXGroup section */

/* Begin PBXNativeTarget section */
		372FEF30291B7DF1004F3B16 /* CompostionLayout */ = {
			isa = PBXNativeTarget;
			buildConfigurationList = 372FEF45291B7DF3004F3B16 /* Build configuration list for PBXNativeTarget "CompostionLayout" */;
			buildPhases = (
				372FEF2D291B7DF1004F3B16 /* Sources */,
				372FEF2E291B7DF1004F3B16 /* Frameworks */,
				372FEF2F291B7DF1004F3B16 /* Resources */,
			);
			buildRules = (
			);
			dependencies = (
			);
			name = CompostionLayout;
			packageProductDependencies = (
				372FEF49291B7E33004F3B16 /* SnapKit */,
			);
			productName = CompostionLayout;
			productReference = 372FEF31291B7DF1004F3B16 /* CompostionLayout.app */;
			productType = "com.apple.product-type.application";
		};
/* End PBXNativeTarget section */

/* Begin PBXProject section */
		372FEF29291B7DF1004F3B16 /* Project object */ = {
			isa = PBXProject;
			attributes = {
				BuildIndependentTargetsInParallel = 1;
				LastSwiftUpdateCheck = 1400;
				LastUpgradeCheck = 1400;
				TargetAttributes = {
					372FEF30291B7DF1004F3B16 = {
						CreatedOnToolsVersion = 14.0.1;
					};
				};
			};
			buildConfigurationList = 372FEF2C291B7DF1004F3B16 /* Build configuration list for PBXProject "CompostionLayout" */;
			compatibilityVersion = "Xcode 14.0";
			developmentRegion = en;
			hasScannedForEncodings = 0;
			knownRegions = (
				en,
				Base,
			);
			mainGroup = 372FEF28291B7DF1004F3B16;
			packageReferences = (
				372FEF48291B7E33004F3B16 /* XCRemoteSwiftPackageReference "SnapKit" */,
			);
			productRefGroup = 372FEF32291B7DF1004F3B16 /* Products */;
			projectDirPath = "";
			projectRoot = "";
			targets = (
				372FEF30291B7DF1004F3B16 /* CompostionLayout */,
			);
		};
/* End PBXProject section */

/* Begin PBXResourcesBuildPhase section */
		372FEF2F291B7DF1004F3B16 /* Resources */ = {
			isa = PBXResourcesBuildPhase;
			buildActionMask = 2147483647;
			files = (
				372FEF41291B7DF3004F3B16 /* LaunchScreen.storyboard in Resources */,
				372FEF3E291B7DF3004F3B16 /* Assets.xcassets in Resources */,
				372FEF3C291B7DF1004F3B16 /* Main.storyboard in Resources */,
			);
			runOnlyForDeploymentPostprocessing = 0;
		};
/* End PBXResourcesBuildPhase section */

/* Begin PBXSourcesBuildPhase section */
		372FEF2D291B7DF1004F3B16 /* Sources */ = {
			isa = PBXSourcesBuildPhase;
			buildActionMask = 2147483647;
			files = (
				372FEF39291B7DF1004F3B16 /* ViewController.swift in Sources */,
				372FEF35291B7DF1004F3B16 /* AppDelegate.swift in Sources */,
				372FEF4C291B7EF6004F3B16 /* ColletionVeiwCell.swift in Sources */,
				372FEF37291B7DF1004F3B16 /* SceneDelegate.swift in Sources */,
			);
			runOnlyForDeploymentPostprocessing = 0;
		};
/* End PBXSourcesBuildPhase section */

/* Begin PBXVariantGroup section */
		372FEF3A291B7DF1004F3B16 /* Main.storyboard */ = {
			isa = PBXVariantGroup;
			children = (
				372FEF3B291B7DF1004F3B16 /* Base */,
			);
			name = Main.storyboard;
			sourceTree = "<group>";
		};
		372FEF3F291B7DF3004F3B16 /* LaunchScreen.storyboard */ = {
			isa = PBXVariantGroup;
			children = (
				372FEF40291B7DF3004F3B16 /* Base */,
			);
			name = LaunchScreen.storyboard;
			sourceTree = "<group>";
		};
/* End PBXVariantGroup section */

/* Begin XCBuildConfiguration section */
		372FEF43291B7DF3004F3B16 /* Debug */ = {
			isa = XCBuildConfiguration;
			buildSettings = {
				ALWAYS_SEARCH_USER_PATHS = NO;
				CLANG_ANALYZER_NONNULL = YES;
				CLANG_ANALYZER_NUMBER_OBJECT_CONVERSION = YES_AGGRESSIVE;
				CLANG_CXX_LANGUAGE_STANDARD = "gnu++20";
				CLANG_ENABLE_MODULES = YES;
				CLANG_ENABLE_OBJC_ARC = YES;
				CLANG_ENABLE_OBJC_WEAK = YES;
				CLANG_WARN_BLOCK_CAPTURE_AUTORELEASING = YES;
				CLANG_WARN_BOOL_CONVERSION = YES;
				CLANG_WARN_COMMA = YES;
				CLANG_WARN_CONSTANT_CONVERSION = YES;
				CLANG_WARN_DEPRECATED_OBJC_IMPLEMENTATIONS = YES;
				CLANG_WARN_DIRECT_OBJC_ISA_USAGE = YES_ERROR;
				CLANG_WARN_DOCUMENTATION_COMMENTS = YES;
				CLANG_WARN_EMPTY_BODY = YES;
				CLANG_WARN_ENUM_CONVERSION = YES;
				CLANG_WARN_INFINITE_RECURSION = YES;
				CLANG_WARN_INT_CONVERSION = YES;
				CLANG_WARN_NON_LITERAL_NULL_CONVERSION = YES;
				CLANG_WARN_OBJC_IMPLICIT_RETAIN_SELF = YES;
				CLANG_WARN_OBJC_LITERAL_CONVERSION = YES;
				CLANG_WARN_OBJC_ROOT_CLASS = YES_ERROR;
				CLANG_WARN_QUOTED_INCLUDE_IN_FRAMEWORK_HEADER = YES;
				CLANG_WARN_RANGE_LOOP_ANALYSIS = YES;
				CLANG_WARN_STRICT_PROTOTYPES = YES;
				CLANG_WARN_SUSPICIOUS_MOVE = YES;
				CLANG_WARN_UNGUARDED_AVAILABILITY = YES_AGGRESSIVE;
				CLANG_WARN_UNREACHABLE_CODE = YES;
				CLANG_WARN__DUPLICATE_METHOD_MATCH = YES;
				COPY_PHASE_STRIP = NO;
				DEBUG_INFORMATION_FORMAT = dwarf;
				ENABLE_STRICT_OBJC_MSGSEND = YES;
				ENABLE_TESTABILITY = YES;
				GCC_C_LANGUAGE_STANDARD = gnu11;
				GCC_DYNAMIC_NO_PIC = NO;
				GCC_NO_COMMON_BLOCKS = YES;
				GCC_OPTIMIZATION_LEVEL = 0;
				GCC_PREPROCESSOR_DEFINITIONS = (
					"DEBUG=1",
					"$(inherited)",
				);
				GCC_WARN_64_TO_32_BIT_CONVERSION = YES;
				GCC_WARN_ABOUT_RETURN_TYPE = YES_ERROR;
				GCC_WARN_UNDECLARED_SELECTOR = YES;
				GCC_WARN_UNINITIALIZED_AUTOS = YES_AGGRESSIVE;
				GCC_WARN_UNUSED_FUNCTION = YES;
				GCC_WARN_UNUSED_VARIABLE = YES;
				IPHONEOS_DEPLOYMENT_TARGET = 16.0;
				MTL_ENABLE_DEBUG_INFO = INCLUDE_SOURCE;
				MTL_FAST_MATH = YES;
				ONLY_ACTIVE_ARCH = YES;
				SDKROOT = iphoneos;
				SWIFT_ACTIVE_COMPILATION_CONDITIONS = DEBUG;
				SWIFT_OPTIMIZATION_LEVEL = "-Onone";
			};
			name = Debug;
		};
		372FEF44291B7DF3004F3B16 /* Release */ = {
			isa = XCBuildConfiguration;
			buildSettings = {
				ALWAYS_SEARCH_USER_PATHS = NO;
				CLANG_ANALYZER_NONNULL = YES;
				CLANG_ANALYZER_NUMBER_OBJECT_CONVERSION = YES_AGGRESSIVE;
				CLANG_CXX_LANGUAGE_STANDARD = "gnu++20";
				CLANG_ENABLE_MODULES = YES;
				CLANG_ENABLE_OBJC_ARC = YES;
				CLANG_ENABLE_OBJC_WEAK = YES;
				CLANG_WARN_BLOCK_CAPTURE_AUTORELEASING = YES;
				CLANG_WARN_BOOL_CONVERSION = YES;
				CLANG_WARN_COMMA = YES;
				CLANG_WARN_CONSTANT_CONVERSION = YES;
				CLANG_WARN_DEPRECATED_OBJC_IMPLEMENTATIONS = YES;
				CLANG_WARN_DIRECT_OBJC_ISA_USAGE = YES_ERROR;
				CLANG_WARN_DOCUMENTATION_COMMENTS = YES;
				CLANG_WARN_EMPTY_BODY = YES;
				CLANG_WARN_ENUM_CONVERSION = YES;
				CLANG_WARN_INFINITE_RECURSION = YES;
				CLANG_WARN_INT_CONVERSION = YES;
				CLANG_WARN_NON_LITERAL_NULL_CONVERSION = YES;
				CLANG_WARN_OBJC_IMPLICIT_RETAIN_SELF = YES;
				CLANG_WARN_OBJC_LITERAL_CONVERSION = YES;
				CLANG_WARN_OBJC_ROOT_CLASS = YES_ERROR;
				CLANG_WARN_QUOTED_INCLUDE_IN_FRAMEWORK_HEADER = YES;
				CLANG_WARN_RANGE_LOOP_ANALYSIS = YES;
				CLANG_WARN_STRICT_PROTOTYPES = YES;
				CLANG_WARN_SUSPICIOUS_MOVE = YES;
				CLANG_WARN_UNGUARDED_AVAILABILITY = YES_AGGRESSIVE;
				CLANG_WARN_UNREACHABLE_CODE = YES;
				CLANG_WARN__DUPLICATE_METHOD_MATCH = YES;
				COPY_PHASE_STRIP = NO;
				DEBUG_INFORMATION_FORMAT = "dwarf-with-dsym";
				ENABLE_NS_ASSERTIONS = NO;
				ENABLE_STRICT_OBJC_MSGSEND = YES;
				GCC_C_LANGUAGE_STANDARD = gnu11;
				GCC_NO_COMMON_BLOCKS = YES;
				GCC_WARN_64_TO_32_BIT_CONVERSION = YES;
				GCC_WARN_ABOUT_RETURN_TYPE = YES_ERROR;
				GCC_WARN_UNDECLARED_SELECTOR = YES;
				GCC_WARN_UNINITIALIZED_AUTOS = YES_AGGRESSIVE;
				GCC_WARN_UNUSED_FUNCTION = YES;
				GCC_WARN_UNUSED_VARIABLE = YES;
				IPHONEOS_DEPLOYMENT_TARGET = 16.0;
				MTL_ENABLE_DEBUG_INFO = NO;
				MTL_FAST_MATH = YES;
				SDKROOT = iphoneos;
				SWIFT_COMPILATION_MODE = wholemodule;
				SWIFT_OPTIMIZATION_LEVEL = "-O";
				VALIDATE_PRODUCT = YES;
			};
			name = Release;
		};
		372FEF46291B7DF3004F3B16 /* Debug */ = {
			isa = XCBuildConfiguration;
			buildSettings = {
				ASSETCATALOG_COMPILER_APPICON_NAME = AppIcon;
				ASSETCATALOG_COMPILER_GLOBAL_ACCENT_COLOR_NAME = AccentColor;
				CODE_SIGN_STYLE = Automatic;
				CURRENT_PROJECT_VERSION = 1;
				DEVELOPMENT_TEAM = H2FTMY38H7;
				GENERATE_INFOPLIST_FILE = YES;
				INFOPLIST_FILE = CompostionLayout/Info.plist;
				INFOPLIST_KEY_UIApplicationSupportsIndirectInputEvents = YES;
				INFOPLIST_KEY_UILaunchStoryboardName = LaunchScreen;
				INFOPLIST_KEY_UIMainStoryboardFile = Main;
				INFOPLIST_KEY_UISupportedInterfaceOrientations_iPad = "UIInterfaceOrientationPortrait UIInterfaceOrientationPortraitUpsideDown UIInterfaceOrientationLandscapeLeft UIInterfaceOrientationLandscapeRight";
				INFOPLIST_KEY_UISupportedInterfaceOrientations_iPhone = "UIInterfaceOrientationPortrait UIInterfaceOrientationLandscapeLeft UIInterfaceOrientationLandscapeRight";
				LD_RUNPATH_SEARCH_PATHS = (
					"$(inherited)",
					"@executable_path/Frameworks",
				);
				MARKETING_VERSION = 1.0;
				PRODUCT_BUNDLE_IDENTIFIER = com.jooyoung.CompostionLayout;
				PRODUCT_NAME = "$(TARGET_NAME)";
				SWIFT_EMIT_LOC_STRINGS = YES;
				SWIFT_VERSION = 5.0;
				TARGETED_DEVICE_FAMILY = "1,2";
			};
			name = Debug;
		};
		372FEF47291B7DF3004F3B16 /* Release */ = {
			isa = XCBuildConfiguration;
			buildSettings = {
				ASSETCATALOG_COMPILER_APPICON_NAME = AppIcon;
				ASSETCATALOG_COMPILER_GLOBAL_ACCENT_COLOR_NAME = AccentColor;
				CODE_SIGN_STYLE = Automatic;
				CURRENT_PROJECT_VERSION = 1;
				DEVELOPMENT_TEAM = H2FTMY38H7;
				GENERATE_INFOPLIST_FILE = YES;
				INFOPLIST_FILE = CompostionLayout/Info.plist;
				INFOPLIST_KEY_UIApplicationSupportsIndirectInputEvents = YES;
				INFOPLIST_KEY_UILaunchStoryboardName = LaunchScreen;
				INFOPLIST_KEY_UIMainStoryboardFile = Main;
				INFOPLIST_KEY_UISupportedInterfaceOrientations_iPad = "UIInterfaceOrientationPortrait UIInterfaceOrientationPortraitUpsideDown UIInterfaceOrientationLandscapeLeft UIInterfaceOrientationLandscapeRight";
				INFOPLIST_KEY_UISupportedInterfaceOrientations_iPhone = "UIInterfaceOrientationPortrait UIInterfaceOrientationLandscapeLeft UIInterfaceOrientationLandscapeRight";
				LD_RUNPATH_SEARCH_PATHS = (
					"$(inherited)",
					"@executable_path/Frameworks",
				);
				MARKETING_VERSION = 1.0;
				PRODUCT_BUNDLE_IDENTIFIER = com.jooyoung.CompostionLayout;
				PRODUCT_NAME = "$(TARGET_NAME)";
				SWIFT_EMIT_LOC_STRINGS = YES;
				SWIFT_VERSION = 5.0;
				TARGETED_DEVICE_FAMILY = "1,2";
			};
			name = Release;
		};
/* End XCBuildConfiguration section */

/* Begin XCConfigurationList section */
		372FEF2C291B7DF1004F3B16 /* Build configuration list for PBXProject "CompostionLayout" */ = {
			isa = XCConfigurationList;
			buildConfigurations = (
				372FEF43291B7DF3004F3B16 /* Debug */,
				372FEF44291B7DF3004F3B16 /* Release */,
			);
			defaultConfigurationIsVisible = 0;
			defaultConfigurationName = Release;
		};
		372FEF45291B7DF3004F3B16 /* Build configuration list for PBXNativeTarget "CompostionLayout" */ = {
			isa = XCConfigurationList;
			buildConfigurations = (
				372FEF46291B7DF3004F3B16 /* Debug */,
				372FEF47291B7DF3004F3B16 /* Release */,
			);
			defaultConfigurationIsVisible = 0;
			defaultConfigurationName = Release;
		};
/* End XCConfigurationList section */

/* Begin XCRemoteSwiftPackageReference section */
		372FEF48291B7E33004F3B16 /* XCRemoteSwiftPackageReference "SnapKit" */ = {
			isa = XCRemoteSwiftPackageReference;
			repositoryURL = "https://github.com/SnapKit/SnapKit";
			requirement = {
				kind = upToNextMajorVersion;
				minimumVersion = 5.0.0;
			};
		};
/* End XCRemoteSwiftPackageReference section */

/* Begin XCSwiftPackageProductDependency section */
		372FEF49291B7E33004F3B16 /* SnapKit */ = {
			isa = XCSwiftPackageProductDependency;
			package = 372FEF48291B7E33004F3B16 /* XCRemoteSwiftPackageReference "SnapKit" */;
			productName = SnapKit;
		};
/* End XCSwiftPackageProductDependency section */
	};
	rootObject = 372FEF29291B7DF1004F3B16 /* Project object */;
}
