// !$*UTF8*$!
{
	archiveVersion = 1;
	classes = {
	};
	objectVersion = 55;
	objects = {

/* Begin PBXBuildFile section */
		3710072E2886797E002629A7 /* SearchViewController.swift in Sources */ = {isa = PBXBuildFile; fileRef = 371007252886797D002629A7 /* SearchViewController.swift */; };
		3710072F2886797E002629A7 /* TrendViewController.swift in Sources */ = {isa = PBXBuildFile; fileRef = 371007262886797D002629A7 /* TrendViewController.swift */; };
		371007302886797E002629A7 /* Intro.storyboard in Resources */ = {isa = PBXBuildFile; fileRef = 371007272886797D002629A7 /* Intro.storyboard */; };
		371007312886797E002629A7 /* Trend.storyboard in Resources */ = {isa = PBXBuildFile; fileRef = 371007282886797D002629A7 /* Trend.storyboard */; };
		371007322886797E002629A7 /* BucketlistTableViewCell.swift in Sources */ = {isa = PBXBuildFile; fileRef = 371007292886797D002629A7 /* BucketlistTableViewCell.swift */; };
		371007332886797E002629A7 /* BucketlistTableViewController.swift in Sources */ = {isa = PBXBuildFile; fileRef = 3710072A2886797D002629A7 /* BucketlistTableViewController.swift */; };
		371007342886797E002629A7 /* Search.storyboard in Resources */ = {isa = PBXBuildFile; fileRef = 3710072B2886797D002629A7 /* Search.storyboard */; };
		371007352886797E002629A7 /* UITextField+Extension.swift in Sources */ = {isa = PBXBuildFile; fileRef = 3710072C2886797D002629A7 /* UITextField+Extension.swift */; };
		371007362886797E002629A7 /* UIViewController+Extension.swift in Sources */ = {isa = PBXBuildFile; fileRef = 3710072D2886797E002629A7 /* UIViewController+Extension.swift */; };
		3710073928867A46002629A7 /* Shopping.storyboard in Resources */ = {isa = PBXBuildFile; fileRef = 3710073828867A46002629A7 /* Shopping.storyboard */; };
		3710073B28868E17002629A7 /* ShoppinglistTableViewController.swift in Sources */ = {isa = PBXBuildFile; fileRef = 3710073A28868E17002629A7 /* ShoppinglistTableViewController.swift */; };
		3710073D28868E5B002629A7 /* ShoppinglistTableViewCell.swift in Sources */ = {isa = PBXBuildFile; fileRef = 3710073C28868E5B002629A7 /* ShoppinglistTableViewCell.swift */; };
		371007462886A7B1002629A7 /* TrendSearchTableViewController.swift in Sources */ = {isa = PBXBuildFile; fileRef = 371007452886A7B1002629A7 /* TrendSearchTableViewController.swift */; };
		371007482886A7C5002629A7 /* TrendSearchTableViewCell.swift in Sources */ = {isa = PBXBuildFile; fileRef = 371007472886A7C5002629A7 /* TrendSearchTableViewCell.swift */; };
		3710074A2886A9DE002629A7 /* TrendSearch.storyboard in Resources */ = {isa = PBXBuildFile; fileRef = 371007492886A9DE002629A7 /* TrendSearch.storyboard */; };
		3782DDF62887AE480045DAE8 /* Kingfisher in Frameworks */ = {isa = PBXBuildFile; productRef = 3782DDF52887AE480045DAE8 /* Kingfisher */; };
		3782DDF92887AE610045DAE8 /* Toast in Frameworks */ = {isa = PBXBuildFile; productRef = 3782DDF82887AE610045DAE8 /* Toast */; };
		378F530428855508009734BF /* HomeTableViewController.swift in Sources */ = {isa = PBXBuildFile; fileRef = 378F530328855508009734BF /* HomeTableViewController.swift */; };
		37A4976828878C9F00B2FEF7 /* Movie.swift in Sources */ = {isa = PBXBuildFile; fileRef = 37A4976728878C9F00B2FEF7 /* Movie.swift */; };
		37A4976A2887943B00B2FEF7 /* MovieInfo.swift in Sources */ = {isa = PBXBuildFile; fileRef = 37A497692887943B00B2FEF7 /* MovieInfo.swift */; };
		37A4976C28879AA700B2FEF7 /* RecommandCollectionViewController.swift in Sources */ = {isa = PBXBuildFile; fileRef = 37A4976B28879AA700B2FEF7 /* RecommandCollectionViewController.swift */; };
		37A4976E28879DF200B2FEF7 /* RecommandCollectionViewCell.swift in Sources */ = {isa = PBXBuildFile; fileRef = 37A4976D28879DF200B2FEF7 /* RecommandCollectionViewCell.swift */; };
		37B9239A2884DDBA00EB8A34 /* AppDelegate.swift in Sources */ = {isa = PBXBuildFile; fileRef = 37B923992884DDBA00EB8A34 /* AppDelegate.swift */; };
		37B9239C2884DDBA00EB8A34 /* SceneDelegate.swift in Sources */ = {isa = PBXBuildFile; fileRef = 37B9239B2884DDBA00EB8A34 /* SceneDelegate.swift */; };
		37B9239E2884DDBA00EB8A34 /* ViewController.swift in Sources */ = {isa = PBXBuildFile; fileRef = 37B9239D2884DDBA00EB8A34 /* ViewController.swift */; };
		37B923A12884DDBA00EB8A34 /* Main.storyboard in Resources */ = {isa = PBXBuildFile; fileRef = 37B9239F2884DDBA00EB8A34 /* Main.storyboard */; };
		37B923A32884DDBC00EB8A34 /* Assets.xcassets in Resources */ = {isa = PBXBuildFile; fileRef = 37B923A22884DDBC00EB8A34 /* Assets.xcassets */; };
		37B923A62884DDBC00EB8A34 /* LaunchScreen.storyboard in Resources */ = {isa = PBXBuildFile; fileRef = 37B923A42884DDBC00EB8A34 /* LaunchScreen.storyboard */; };
		37CB6E8D2884F111007805C5 /* Home.storyboard in Resources */ = {isa = PBXBuildFile; fileRef = 37CB6E8C2884F111007805C5 /* Home.storyboard */; };
		37CB6E8F2884FE35007805C5 /* SettingTableViewController.swift in Sources */ = {isa = PBXBuildFile; fileRef = 37CB6E8E2884FE35007805C5 /* SettingTableViewController.swift */; };
		37CB6E91288534C5007805C5 /* Setting.storyboard in Resources */ = {isa = PBXBuildFile; fileRef = 37CB6E90288534C5007805C5 /* Setting.storyboard */; };
/* End PBXBuildFile section */

/* Begin PBXFileReference section */
		371007252886797D002629A7 /* SearchViewController.swift */ = {isa = PBXFileReference; fileEncoding = 4; lastKnownFileType = sourcecode.swift; path = SearchViewController.swift; sourceTree = "<group>"; };
		371007262886797D002629A7 /* TrendViewController.swift */ = {isa = PBXFileReference; fileEncoding = 4; lastKnownFileType = sourcecode.swift; path = TrendViewController.swift; sourceTree = "<group>"; };
		371007272886797D002629A7 /* Intro.storyboard */ = {isa = PBXFileReference; fileEncoding = 4; lastKnownFileType = file.storyboard; path = Intro.storyboard; sourceTree = "<group>"; };
		371007282886797D002629A7 /* Trend.storyboard */ = {isa = PBXFileReference; fileEncoding = 4; lastKnownFileType = file.storyboard; path = Trend.storyboard; sourceTree = "<group>"; };
		371007292886797D002629A7 /* BucketlistTableViewCell.swift */ = {isa = PBXFileReference; fileEncoding = 4; lastKnownFileType = sourcecode.swift; path = BucketlistTableViewCell.swift; sourceTree = "<group>"; };
		3710072A2886797D002629A7 /* BucketlistTableViewController.swift */ = {isa = PBXFileReference; fileEncoding = 4; lastKnownFileType = sourcecode.swift; path = BucketlistTableViewController.swift; sourceTree = "<group>"; };
		3710072B2886797D002629A7 /* Search.storyboard */ = {isa = PBXFileReference; fileEncoding = 4; lastKnownFileType = file.storyboard; path = Search.storyboard; sourceTree = "<group>"; };
		3710072C2886797D002629A7 /* UITextField+Extension.swift */ = {isa = PBXFileReference; fileEncoding = 4; lastKnownFileType = sourcecode.swift; path = "UITextField+Extension.swift"; sourceTree = "<group>"; };
		3710072D2886797E002629A7 /* UIViewController+Extension.swift */ = {isa = PBXFileReference; fileEncoding = 4; lastKnownFileType = sourcecode.swift; path = "UIViewController+Extension.swift"; sourceTree = "<group>"; };
		3710073828867A46002629A7 /* Shopping.storyboard */ = {isa = PBXFileReference; lastKnownFileType = file.storyboard; path = Shopping.storyboard; sourceTree = "<group>"; };
		3710073A28868E17002629A7 /* ShoppinglistTableViewController.swift */ = {isa = PBXFileReference; lastKnownFileType = sourcecode.swift; path = ShoppinglistTableViewController.swift; sourceTree = "<group>"; };
		3710073C28868E5B002629A7 /* ShoppinglistTableViewCell.swift */ = {isa = PBXFileReference; lastKnownFileType = sourcecode.swift; path = ShoppinglistTableViewCell.swift; sourceTree = "<group>"; };
		371007452886A7B1002629A7 /* TrendSearchTableViewController.swift */ = {isa = PBXFileReference; lastKnownFileType = sourcecode.swift; path = TrendSearchTableViewController.swift; sourceTree = "<group>"; };
		371007472886A7C5002629A7 /* TrendSearchTableViewCell.swift */ = {isa = PBXFileReference; lastKnownFileType = sourcecode.swift; path = TrendSearchTableViewCell.swift; sourceTree = "<group>"; };
		371007492886A9DE002629A7 /* TrendSearch.storyboard */ = {isa = PBXFileReference; lastKnownFileType = file.storyboard; path = TrendSearch.storyboard; sourceTree = "<group>"; };
		378F530328855508009734BF /* HomeTableViewController.swift */ = {isa = PBXFileReference; lastKnownFileType = sourcecode.swift; path = HomeTableViewController.swift; sourceTree = "<group>"; };
		37A4976728878C9F00B2FEF7 /* Movie.swift */ = {isa = PBXFileReference; lastKnownFileType = sourcecode.swift; path = Movie.swift; sourceTree = "<group>"; };
		37A497692887943B00B2FEF7 /* MovieInfo.swift */ = {isa = PBXFileReference; fileEncoding = 4; lastKnownFileType = sourcecode.swift; path = MovieInfo.swift; sourceTree = "<group>"; };
		37A4976B28879AA700B2FEF7 /* RecommandCollectionViewController.swift */ = {isa = PBXFileReference; lastKnownFileType = sourcecode.swift; path = RecommandCollectionViewController.swift; sourceTree = "<group>"; };
		37A4976D28879DF200B2FEF7 /* RecommandCollectionViewCell.swift */ = {isa = PBXFileReference; lastKnownFileType = sourcecode.swift; path = RecommandCollectionViewCell.swift; sourceTree = "<group>"; };
		37B923962884DDBA00EB8A34 /* TrendMedia.app */ = {isa = PBXFileReference; explicitFileType = wrapper.application; includeInIndex = 0; path = TrendMedia.app; sourceTree = BUILT_PRODUCTS_DIR; };
		37B923992884DDBA00EB8A34 /* AppDelegate.swift */ = {isa = PBXFileReference; lastKnownFileType = sourcecode.swift; path = AppDelegate.swift; sourceTree = "<group>"; };
		37B9239B2884DDBA00EB8A34 /* SceneDelegate.swift */ = {isa = PBXFileReference; lastKnownFileType = sourcecode.swift; path = SceneDelegate.swift; sourceTree = "<group>"; };
		37B9239D2884DDBA00EB8A34 /* ViewController.swift */ = {isa = PBXFileReference; lastKnownFileType = sourcecode.swift; path = ViewController.swift; sourceTree = "<group>"; };
		37B923A02884DDBA00EB8A34 /* Base */ = {isa = PBXFileReference; lastKnownFileType = file.storyboard; name = Base; path = Base.lproj/Main.storyboard; sourceTree = "<group>"; };
		37B923A22884DDBC00EB8A34 /* Assets.xcassets */ = {isa = PBXFileReference; lastKnownFileType = folder.assetcatalog; path = Assets.xcassets; sourceTree = "<group>"; };
		37B923A52884DDBC00EB8A34 /* Base */ = {isa = PBXFileReference; lastKnownFileType = file.storyboard; name = Base; path = Base.lproj/LaunchScreen.storyboard; sourceTree = "<group>"; };
		37B923A72884DDBC00EB8A34 /* Info.plist */ = {isa = PBXFileReference; lastKnownFileType = text.plist.xml; path = Info.plist; sourceTree = "<group>"; };
		37CB6E8C2884F111007805C5 /* Home.storyboard */ = {isa = PBXFileReference; lastKnownFileType = file.storyboard; path = Home.storyboard; sourceTree = "<group>"; };
		37CB6E8E2884FE35007805C5 /* SettingTableViewController.swift */ = {isa = PBXFileReference; lastKnownFileType = sourcecode.swift; path = SettingTableViewController.swift; sourceTree = "<group>"; };
		37CB6E90288534C5007805C5 /* Setting.storyboard */ = {isa = PBXFileReference; lastKnownFileType = file.storyboard; path = Setting.storyboard; sourceTree = "<group>"; };
/* End PBXFileReference section */

/* Begin PBXFrameworksBuildPhase section */
		37B923932884DDBA00EB8A34 /* Frameworks */ = {
			isa = PBXFrameworksBuildPhase;
			buildActionMask = 2147483647;
			files = (
				3782DDF92887AE610045DAE8 /* Toast in Frameworks */,
				3782DDF62887AE480045DAE8 /* Kingfisher in Frameworks */,
			);
			runOnlyForDeploymentPostprocessing = 0;
		};
/* End PBXFrameworksBuildPhase section */

/* Begin PBXGroup section */
		371007242886790F002629A7 /* New Group */ = {
			isa = PBXGroup;
			children = (
				3710072D2886797E002629A7 /* UIViewController+Extension.swift */,
				3710072C2886797D002629A7 /* UITextField+Extension.swift */,
				371007262886797D002629A7 /* TrendViewController.swift */,
				371007282886797D002629A7 /* Trend.storyboard */,
				37A4976D28879DF200B2FEF7 /* RecommandCollectionViewCell.swift */,
				37A4976B28879AA700B2FEF7 /* RecommandCollectionViewController.swift */,
				371007252886797D002629A7 /* SearchViewController.swift */,
				3710072B2886797D002629A7 /* Search.storyboard */,
				371007272886797D002629A7 /* Intro.storyboard */,
				3710072A2886797D002629A7 /* BucketlistTableViewController.swift */,
				371007292886797D002629A7 /* BucketlistTableViewCell.swift */,
			);
			path = "New Group";
			sourceTree = "<group>";
		};
		37100737288679DA002629A7 /* Work  */ = {
			isa = PBXGroup;
			children = (
				3710073828867A46002629A7 /* Shopping.storyboard */,
				3710073A28868E17002629A7 /* ShoppinglistTableViewController.swift */,
				3710073C28868E5B002629A7 /* ShoppinglistTableViewCell.swift */,
			);
			path = "Work ";
			sourceTree = "<group>";
		};
		3710073E2886A643002629A7 /* Work2 */ = {
			isa = PBXGroup;
			children = (
				371007472886A7C5002629A7 /* TrendSearchTableViewCell.swift */,
				371007452886A7B1002629A7 /* TrendSearchTableViewController.swift */,
				37A4976728878C9F00B2FEF7 /* Movie.swift */,
				37A497692887943B00B2FEF7 /* MovieInfo.swift */,
				371007492886A9DE002629A7 /* TrendSearch.storyboard */,
			);
			path = Work2;
			sourceTree = "<group>";
		};
		37B9238D2884DDBA00EB8A34 = {
			isa = PBXGroup;
			children = (
				37B923982884DDBA00EB8A34 /* TrendMedia */,
				37B923972884DDBA00EB8A34 /* Products */,
			);
			sourceTree = "<group>";
		};
		37B923972884DDBA00EB8A34 /* Products */ = {
			isa = PBXGroup;
			children = (
				37B923962884DDBA00EB8A34 /* TrendMedia.app */,
			);
			name = Products;
			sourceTree = "<group>";
		};
		37B923982884DDBA00EB8A34 /* TrendMedia */ = {
			isa = PBXGroup;
			children = (
				3710073E2886A643002629A7 /* Work2 */,
				37100737288679DA002629A7 /* Work  */,
				371007242886790F002629A7 /* New Group */,
				37B923992884DDBA00EB8A34 /* AppDelegate.swift */,
				37B9239B2884DDBA00EB8A34 /* SceneDelegate.swift */,
				37B9239D2884DDBA00EB8A34 /* ViewController.swift */,
				37B9239F2884DDBA00EB8A34 /* Main.storyboard */,
				37CB6E8C2884F111007805C5 /* Home.storyboard */,
				37CB6E90288534C5007805C5 /* Setting.storyboard */,
				37CB6E8E2884FE35007805C5 /* SettingTableViewController.swift */,
				378F530328855508009734BF /* HomeTableViewController.swift */,
				37B923A22884DDBC00EB8A34 /* Assets.xcassets */,
				37B923A42884DDBC00EB8A34 /* LaunchScreen.storyboard */,
				37B923A72884DDBC00EB8A34 /* Info.plist */,
			);
			path = TrendMedia;
			sourceTree = "<group>";
		};
/* End PBXGroup section */

/* Begin PBXNativeTarget section */
		37B923952884DDBA00EB8A34 /* TrendMedia */ = {
			isa = PBXNativeTarget;
			buildConfigurationList = 37B923AA2884DDBC00EB8A34 /* Build configuration list for PBXNativeTarget "TrendMedia" */;
			buildPhases = (
				37B923922884DDBA00EB8A34 /* Sources */,
				37B923932884DDBA00EB8A34 /* Frameworks */,
				37B923942884DDBA00EB8A34 /* Resources */,
			);
			buildRules = (
			);
			dependencies = (
			);
			name = TrendMedia;
			packageProductDependencies = (
				3782DDF52887AE480045DAE8 /* Kingfisher */,
				3782DDF82887AE610045DAE8 /* Toast */,
			);
			productName = TrendMedia;
			productReference = 37B923962884DDBA00EB8A34 /* TrendMedia.app */;
			productType = "com.apple.product-type.application";
		};
/* End PBXNativeTarget section */

/* Begin PBXProject section */
		37B9238E2884DDBA00EB8A34 /* Project object */ = {
			isa = PBXProject;
			attributes = {
				BuildIndependentTargetsInParallel = 1;
				LastSwiftUpdateCheck = 1340;
				LastUpgradeCheck = 1340;
				TargetAttributes = {
					37B923952884DDBA00EB8A34 = {
						CreatedOnToolsVersion = 13.4.1;
					};
				};
			};
			buildConfigurationList = 37B923912884DDBA00EB8A34 /* Build configuration list for PBXProject "TrendMedia" */;
			compatibilityVersion = "Xcode 13.0";
			developmentRegion = en;
			hasScannedForEncodings = 0;
			knownRegions = (
				en,
				Base,
			);
			mainGroup = 37B9238D2884DDBA00EB8A34;
			packageReferences = (
				3782DDF42887AE480045DAE8 /* XCRemoteSwiftPackageReference "Kingfisher" */,
				3782DDF72887AE610045DAE8 /* XCRemoteSwiftPackageReference "Toast-Swift" */,
			);
			productRefGroup = 37B923972884DDBA00EB8A34 /* Products */;
			projectDirPath = "";
			projectRoot = "";
			targets = (
				37B923952884DDBA00EB8A34 /* TrendMedia */,
			);
		};
/* End PBXProject section */

/* Begin PBXResourcesBuildPhase section */
		37B923942884DDBA00EB8A34 /* Resources */ = {
			isa = PBXResourcesBuildPhase;
			buildActionMask = 2147483647;
			files = (
				371007312886797E002629A7 /* Trend.storyboard in Resources */,
				37B923A62884DDBC00EB8A34 /* LaunchScreen.storyboard in Resources */,
				3710074A2886A9DE002629A7 /* TrendSearch.storyboard in Resources */,
				37B923A32884DDBC00EB8A34 /* Assets.xcassets in Resources */,
				37CB6E91288534C5007805C5 /* Setting.storyboard in Resources */,
				37B923A12884DDBA00EB8A34 /* Main.storyboard in Resources */,
				37CB6E8D2884F111007805C5 /* Home.storyboard in Resources */,
				3710073928867A46002629A7 /* Shopping.storyboard in Resources */,
				371007342886797E002629A7 /* Search.storyboard in Resources */,
				371007302886797E002629A7 /* Intro.storyboard in Resources */,
			);
			runOnlyForDeploymentPostprocessing = 0;
		};
/* End PBXResourcesBuildPhase section */

/* Begin PBXSourcesBuildPhase section */
		37B923922884DDBA00EB8A34 /* Sources */ = {
			isa = PBXSourcesBuildPhase;
			buildActionMask = 2147483647;
			files = (
				37A4976A2887943B00B2FEF7 /* MovieInfo.swift in Sources */,
				3710072E2886797E002629A7 /* SearchViewController.swift in Sources */,
				371007362886797E002629A7 /* UIViewController+Extension.swift in Sources */,
				37CB6E8F2884FE35007805C5 /* SettingTableViewController.swift in Sources */,
				3710073B28868E17002629A7 /* ShoppinglistTableViewController.swift in Sources */,
				37A4976C28879AA700B2FEF7 /* RecommandCollectionViewController.swift in Sources */,
				37B9239E2884DDBA00EB8A34 /* ViewController.swift in Sources */,
				37B9239A2884DDBA00EB8A34 /* AppDelegate.swift in Sources */,
				37A4976828878C9F00B2FEF7 /* Movie.swift in Sources */,
				3710072F2886797E002629A7 /* TrendViewController.swift in Sources */,
				37A4976E28879DF200B2FEF7 /* RecommandCollectionViewCell.swift in Sources */,
				371007462886A7B1002629A7 /* TrendSearchTableViewController.swift in Sources */,
				3710073D28868E5B002629A7 /* ShoppinglistTableViewCell.swift in Sources */,
				371007352886797E002629A7 /* UITextField+Extension.swift in Sources */,
				371007322886797E002629A7 /* BucketlistTableViewCell.swift in Sources */,
				37B9239C2884DDBA00EB8A34 /* SceneDelegate.swift in Sources */,
				371007332886797E002629A7 /* BucketlistTableViewController.swift in Sources */,
				378F530428855508009734BF /* HomeTableViewController.swift in Sources */,
				371007482886A7C5002629A7 /* TrendSearchTableViewCell.swift in Sources */,
			);
			runOnlyForDeploymentPostprocessing = 0;
		};
/* End PBXSourcesBuildPhase section */

/* Begin PBXVariantGroup section */
		37B9239F2884DDBA00EB8A34 /* Main.storyboard */ = {
			isa = PBXVariantGroup;
			children = (
				37B923A02884DDBA00EB8A34 /* Base */,
			);
			name = Main.storyboard;
			sourceTree = "<group>";
		};
		37B923A42884DDBC00EB8A34 /* LaunchScreen.storyboard */ = {
			isa = PBXVariantGroup;
			children = (
				37B923A52884DDBC00EB8A34 /* Base */,
			);
			name = LaunchScreen.storyboard;
			sourceTree = "<group>";
		};
/* End PBXVariantGroup section */

/* Begin XCBuildConfiguration section */
		37B923A82884DDBC00EB8A34 /* Debug */ = {
			isa = XCBuildConfiguration;
			buildSettings = {
				ALWAYS_SEARCH_USER_PATHS = NO;
				CLANG_ANALYZER_NONNULL = YES;
				CLANG_ANALYZER_NUMBER_OBJECT_CONVERSION = YES_AGGRESSIVE;
				CLANG_CXX_LANGUAGE_STANDARD = "gnu++17";
				CLANG_ENABLE_MODULES = YES;
				CLANG_ENABLE_OBJC_ARC = YES;
				CLANG_ENABLE_OBJC_WEAK = YES;
				CLANG_WARN_BLOCK_CAPTURE_AUTORELEASING = YES;
				CLANG_WARN_BOOL_CONVERSION = YES;
				CLANG_WARN_COMMA = YES;
				CLANG_WARN_CONSTANT_CONVERSION = YES;
				CLANG_WARN_DEPRECATED_OBJC_IMPLEMENTATIONS = YES;
				CLANG_WARN_DIRECT_OBJC_ISA_USAGE = YES_ERROR;
				CLANG_WARN_DOCUMENTATION_COMMENTS = YES;
				CLANG_WARN_EMPTY_BODY = YES;
				CLANG_WARN_ENUM_CONVERSION = YES;
				CLANG_WARN_INFINITE_RECURSION = YES;
				CLANG_WARN_INT_CONVERSION = YES;
				CLANG_WARN_NON_LITERAL_NULL_CONVERSION = YES;
				CLANG_WARN_OBJC_IMPLICIT_RETAIN_SELF = YES;
				CLANG_WARN_OBJC_LITERAL_CONVERSION = YES;
				CLANG_WARN_OBJC_ROOT_CLASS = YES_ERROR;
				CLANG_WARN_QUOTED_INCLUDE_IN_FRAMEWORK_HEADER = YES;
				CLANG_WARN_RANGE_LOOP_ANALYSIS = YES;
				CLANG_WARN_STRICT_PROTOTYPES = YES;
				CLANG_WARN_SUSPICIOUS_MOVE = YES;
				CLANG_WARN_UNGUARDED_AVAILABILITY = YES_AGGRESSIVE;
				CLANG_WARN_UNREACHABLE_CODE = YES;
				CLANG_WARN__DUPLICATE_METHOD_MATCH = YES;
				COPY_PHASE_STRIP = NO;
				DEBUG_INFORMATION_FORMAT = dwarf;
				ENABLE_STRICT_OBJC_MSGSEND = YES;
				ENABLE_TESTABILITY = YES;
				GCC_C_LANGUAGE_STANDARD = gnu11;
				GCC_DYNAMIC_NO_PIC = NO;
				GCC_NO_COMMON_BLOCKS = YES;
				GCC_OPTIMIZATION_LEVEL = 0;
				GCC_PREPROCESSOR_DEFINITIONS = (
					"DEBUG=1",
					"$(inherited)",
				);
				GCC_WARN_64_TO_32_BIT_CONVERSION = YES;
				GCC_WARN_ABOUT_RETURN_TYPE = YES_ERROR;
				GCC_WARN_UNDECLARED_SELECTOR = YES;
				GCC_WARN_UNINITIALIZED_AUTOS = YES_AGGRESSIVE;
				GCC_WARN_UNUSED_FUNCTION = YES;
				GCC_WARN_UNUSED_VARIABLE = YES;
				IPHONEOS_DEPLOYMENT_TARGET = 15.5;
				MTL_ENABLE_DEBUG_INFO = INCLUDE_SOURCE;
				MTL_FAST_MATH = YES;
				ONLY_ACTIVE_ARCH = YES;
				SDKROOT = iphoneos;
				SWIFT_ACTIVE_COMPILATION_CONDITIONS = DEBUG;
				SWIFT_OPTIMIZATION_LEVEL = "-Onone";
			};
			name = Debug;
		};
		37B923A92884DDBC00EB8A34 /* Release */ = {
			isa = XCBuildConfiguration;
			buildSettings = {
				ALWAYS_SEARCH_USER_PATHS = NO;
				CLANG_ANALYZER_NONNULL = YES;
				CLANG_ANALYZER_NUMBER_OBJECT_CONVERSION = YES_AGGRESSIVE;
				CLANG_CXX_LANGUAGE_STANDARD = "gnu++17";
				CLANG_ENABLE_MODULES = YES;
				CLANG_ENABLE_OBJC_ARC = YES;
				CLANG_ENABLE_OBJC_WEAK = YES;
				CLANG_WARN_BLOCK_CAPTURE_AUTORELEASING = YES;
				CLANG_WARN_BOOL_CONVERSION = YES;
				CLANG_WARN_COMMA = YES;
				CLANG_WARN_CONSTANT_CONVERSION = YES;
				CLANG_WARN_DEPRECATED_OBJC_IMPLEMENTATIONS = YES;
				CLANG_WARN_DIRECT_OBJC_ISA_USAGE = YES_ERROR;
				CLANG_WARN_DOCUMENTATION_COMMENTS = YES;
				CLANG_WARN_EMPTY_BODY = YES;
				CLANG_WARN_ENUM_CONVERSION = YES;
				CLANG_WARN_INFINITE_RECURSION = YES;
				CLANG_WARN_INT_CONVERSION = YES;
				CLANG_WARN_NON_LITERAL_NULL_CONVERSION = YES;
				CLANG_WARN_OBJC_IMPLICIT_RETAIN_SELF = YES;
				CLANG_WARN_OBJC_LITERAL_CONVERSION = YES;
				CLANG_WARN_OBJC_ROOT_CLASS = YES_ERROR;
				CLANG_WARN_QUOTED_INCLUDE_IN_FRAMEWORK_HEADER = YES;
				CLANG_WARN_RANGE_LOOP_ANALYSIS = YES;
				CLANG_WARN_STRICT_PROTOTYPES = YES;
				CLANG_WARN_SUSPICIOUS_MOVE = YES;
				CLANG_WARN_UNGUARDED_AVAILABILITY = YES_AGGRESSIVE;
				CLANG_WARN_UNREACHABLE_CODE = YES;
				CLANG_WARN__DUPLICATE_METHOD_MATCH = YES;
				COPY_PHASE_STRIP = NO;
				DEBUG_INFORMATION_FORMAT = "dwarf-with-dsym";
				ENABLE_NS_ASSERTIONS = NO;
				ENABLE_STRICT_OBJC_MSGSEND = YES;
				GCC_C_LANGUAGE_STANDARD = gnu11;
				GCC_NO_COMMON_BLOCKS = YES;
				GCC_WARN_64_TO_32_BIT_CONVERSION = YES;
				GCC_WARN_ABOUT_RETURN_TYPE = YES_ERROR;
				GCC_WARN_UNDECLARED_SELECTOR = YES;
				GCC_WARN_UNINITIALIZED_AUTOS = YES_AGGRESSIVE;
				GCC_WARN_UNUSED_FUNCTION = YES;
				GCC_WARN_UNUSED_VARIABLE = YES;
				IPHONEOS_DEPLOYMENT_TARGET = 15.5;
				MTL_ENABLE_DEBUG_INFO = NO;
				MTL_FAST_MATH = YES;
				SDKROOT = iphoneos;
				SWIFT_COMPILATION_MODE = wholemodule;
				SWIFT_OPTIMIZATION_LEVEL = "-O";
				VALIDATE_PRODUCT = YES;
			};
			name = Release;
		};
		37B923AB2884DDBC00EB8A34 /* Debug */ = {
			isa = XCBuildConfiguration;
			buildSettings = {
				ASSETCATALOG_COMPILER_APPICON_NAME = AppIcon;
				ASSETCATALOG_COMPILER_GLOBAL_ACCENT_COLOR_NAME = AccentColor;
				CODE_SIGN_STYLE = Automatic;
				CURRENT_PROJECT_VERSION = 1;
				DEVELOPMENT_TEAM = B3PWYBKFUK;
				GENERATE_INFOPLIST_FILE = YES;
				INFOPLIST_FILE = TrendMedia/Info.plist;
				INFOPLIST_KEY_UIApplicationSupportsIndirectInputEvents = YES;
				INFOPLIST_KEY_UILaunchStoryboardName = LaunchScreen;
				INFOPLIST_KEY_UIMainStoryboardFile = Trend;
				INFOPLIST_KEY_UISupportedInterfaceOrientations_iPad = "UIInterfaceOrientationPortrait UIInterfaceOrientationPortraitUpsideDown UIInterfaceOrientationLandscapeLeft UIInterfaceOrientationLandscapeRight";
				INFOPLIST_KEY_UISupportedInterfaceOrientations_iPhone = "UIInterfaceOrientationPortrait UIInterfaceOrientationLandscapeLeft UIInterfaceOrientationLandscapeRight";
				IPHONEOS_DEPLOYMENT_TARGET = 13.0;
				LD_RUNPATH_SEARCH_PATHS = (
					"$(inherited)",
					"@executable_path/Frameworks",
				);
				MARKETING_VERSION = 1.0;
				PRODUCT_BUNDLE_IDENTIFIER = com.joobang.TrendMedia;
				PRODUCT_NAME = "$(TARGET_NAME)";
				SWIFT_EMIT_LOC_STRINGS = YES;
				SWIFT_VERSION = 5.0;
				TARGETED_DEVICE_FAMILY = 1;
			};
			name = Debug;
		};
		37B923AC2884DDBC00EB8A34 /* Release */ = {
			isa = XCBuildConfiguration;
			buildSettings = {
				ASSETCATALOG_COMPILER_APPICON_NAME = AppIcon;
				ASSETCATALOG_COMPILER_GLOBAL_ACCENT_COLOR_NAME = AccentColor;
				CODE_SIGN_STYLE = Automatic;
				CURRENT_PROJECT_VERSION = 1;
				DEVELOPMENT_TEAM = B3PWYBKFUK;
				GENERATE_INFOPLIST_FILE = YES;
				INFOPLIST_FILE = TrendMedia/Info.plist;
				INFOPLIST_KEY_UIApplicationSupportsIndirectInputEvents = YES;
				INFOPLIST_KEY_UILaunchStoryboardName = LaunchScreen;
				INFOPLIST_KEY_UIMainStoryboardFile = Trend;
				INFOPLIST_KEY_UISupportedInterfaceOrientations_iPad = "UIInterfaceOrientationPortrait UIInterfaceOrientationPortraitUpsideDown UIInterfaceOrientationLandscapeLeft UIInterfaceOrientationLandscapeRight";
				INFOPLIST_KEY_UISupportedInterfaceOrientations_iPhone = "UIInterfaceOrientationPortrait UIInterfaceOrientationLandscapeLeft UIInterfaceOrientationLandscapeRight";
				IPHONEOS_DEPLOYMENT_TARGET = 13.0;
				LD_RUNPATH_SEARCH_PATHS = (
					"$(inherited)",
					"@executable_path/Frameworks",
				);
				MARKETING_VERSION = 1.0;
				PRODUCT_BUNDLE_IDENTIFIER = com.joobang.TrendMedia;
				PRODUCT_NAME = "$(TARGET_NAME)";
				SWIFT_EMIT_LOC_STRINGS = YES;
				SWIFT_VERSION = 5.0;
				TARGETED_DEVICE_FAMILY = 1;
			};
			name = Release;
		};
/* End XCBuildConfiguration section */

/* Begin XCConfigurationList section */
		37B923912884DDBA00EB8A34 /* Build configuration list for PBXProject "TrendMedia" */ = {
			isa = XCConfigurationList;
			buildConfigurations = (
				37B923A82884DDBC00EB8A34 /* Debug */,
				37B923A92884DDBC00EB8A34 /* Release */,
			);
			defaultConfigurationIsVisible = 0;
			defaultConfigurationName = Release;
		};
		37B923AA2884DDBC00EB8A34 /* Build configuration list for PBXNativeTarget "TrendMedia" */ = {
			isa = XCConfigurationList;
			buildConfigurations = (
				37B923AB2884DDBC00EB8A34 /* Debug */,
				37B923AC2884DDBC00EB8A34 /* Release */,
			);
			defaultConfigurationIsVisible = 0;
			defaultConfigurationName = Release;
		};
/* End XCConfigurationList section */

/* Begin XCRemoteSwiftPackageReference section */
		3782DDF42887AE480045DAE8 /* XCRemoteSwiftPackageReference "Kingfisher" */ = {
			isa = XCRemoteSwiftPackageReference;
			repositoryURL = "https://github.com/onevcat/Kingfisher.git";
			requirement = {
				kind = upToNextMajorVersion;
				minimumVersion = 7.0.0;
			};
		};
		3782DDF72887AE610045DAE8 /* XCRemoteSwiftPackageReference "Toast-Swift" */ = {
			isa = XCRemoteSwiftPackageReference;
			repositoryURL = "https://github.com/scalessec/Toast-Swift.git";
			requirement = {
				kind = upToNextMajorVersion;
				minimumVersion = 5.0.0;
			};
		};
/* End XCRemoteSwiftPackageReference section */

/* Begin XCSwiftPackageProductDependency section */
		3782DDF52887AE480045DAE8 /* Kingfisher */ = {
			isa = XCSwiftPackageProductDependency;
			package = 3782DDF42887AE480045DAE8 /* XCRemoteSwiftPackageReference "Kingfisher" */;
			productName = Kingfisher;
		};
		3782DDF82887AE610045DAE8 /* Toast */ = {
			isa = XCSwiftPackageProductDependency;
			package = 3782DDF72887AE610045DAE8 /* XCRemoteSwiftPackageReference "Toast-Swift" */;
			productName = Toast;
		};
/* End XCSwiftPackageProductDependency section */
	};
	rootObject = 37B9238E2884DDBA00EB8A34 /* Project object */;
}
