// !$*UTF8*$!
{
	archiveVersion = 1;
	classes = {
	};
	objectVersion = 55;
	objects = {

/* Begin PBXBuildFile section */
		3710071E28864788002629A7 /* UITextField+Extension.swift in Sources */ = {isa = PBXBuildFile; fileRef = 3710071D28864788002629A7 /* UITextField+Extension.swift */; };
		3710072028864B92002629A7 /* BucketlistTableViewController.swift in Sources */ = {isa = PBXBuildFile; fileRef = 3710071F28864B92002629A7 /* BucketlistTableViewController.swift */; };
		3710072228864D9A002629A7 /* BucketlistTableViewCell.swift in Sources */ = {isa = PBXBuildFile; fileRef = 3710072128864D9A002629A7 /* BucketlistTableViewCell.swift */; };
		378F530428855508009734BF /* HomeTableViewController.swift in Sources */ = {isa = PBXBuildFile; fileRef = 378F530328855508009734BF /* HomeTableViewController.swift */; };
		37B9239A2884DDBA00EB8A34 /* AppDelegate.swift in Sources */ = {isa = PBXBuildFile; fileRef = 37B923992884DDBA00EB8A34 /* AppDelegate.swift */; };
		37B9239C2884DDBA00EB8A34 /* SceneDelegate.swift in Sources */ = {isa = PBXBuildFile; fileRef = 37B9239B2884DDBA00EB8A34 /* SceneDelegate.swift */; };
		37B9239E2884DDBA00EB8A34 /* ViewController.swift in Sources */ = {isa = PBXBuildFile; fileRef = 37B9239D2884DDBA00EB8A34 /* ViewController.swift */; };
		37B923A12884DDBA00EB8A34 /* Main.storyboard in Resources */ = {isa = PBXBuildFile; fileRef = 37B9239F2884DDBA00EB8A34 /* Main.storyboard */; };
		37B923A32884DDBC00EB8A34 /* Assets.xcassets in Resources */ = {isa = PBXBuildFile; fileRef = 37B923A22884DDBC00EB8A34 /* Assets.xcassets */; };
		37B923A62884DDBC00EB8A34 /* LaunchScreen.storyboard in Resources */ = {isa = PBXBuildFile; fileRef = 37B923A42884DDBC00EB8A34 /* LaunchScreen.storyboard */; };
		37CB6E8D2884F111007805C5 /* Home.storyboard in Resources */ = {isa = PBXBuildFile; fileRef = 37CB6E8C2884F111007805C5 /* Home.storyboard */; };
		37CB6E8F2884FE35007805C5 /* SettingTableViewController.swift in Sources */ = {isa = PBXBuildFile; fileRef = 37CB6E8E2884FE35007805C5 /* SettingTableViewController.swift */; };
		37CB6E91288534C5007805C5 /* Setting.storyboard in Resources */ = {isa = PBXBuildFile; fileRef = 37CB6E90288534C5007805C5 /* Setting.storyboard */; };
		37D0C63B2886400E008AB018 /* Search.storyboard in Resources */ = {isa = PBXBuildFile; fileRef = 37D0C63A2886400E008AB018 /* Search.storyboard */; };
		37D0C63D28864041008AB018 /* Trend.storyboard in Resources */ = {isa = PBXBuildFile; fileRef = 37D0C63C28864041008AB018 /* Trend.storyboard */; };
		37D0C64028864075008AB018 /* Intro.storyboard in Resources */ = {isa = PBXBuildFile; fileRef = 37D0C63F28864075008AB018 /* Intro.storyboard */; };
		37D0C6422886440A008AB018 /* TrendViewController.swift in Sources */ = {isa = PBXBuildFile; fileRef = 37D0C6412886440A008AB018 /* TrendViewController.swift */; };
		37D0C64428864418008AB018 /* SearchViewController.swift in Sources */ = {isa = PBXBuildFile; fileRef = 37D0C64328864418008AB018 /* SearchViewController.swift */; };
		37D0C6462886451A008AB018 /* UIViewController+Extension.swift in Sources */ = {isa = PBXBuildFile; fileRef = 37D0C6452886451A008AB018 /* UIViewController+Extension.swift */; };
/* End PBXBuildFile section */

/* Begin PBXFileReference section */
		3710071D28864788002629A7 /* UITextField+Extension.swift */ = {isa = PBXFileReference; lastKnownFileType = sourcecode.swift; path = "UITextField+Extension.swift"; sourceTree = "<group>"; };
		3710071F28864B92002629A7 /* BucketlistTableViewController.swift */ = {isa = PBXFileReference; lastKnownFileType = sourcecode.swift; path = BucketlistTableViewController.swift; sourceTree = "<group>"; };
		3710072128864D9A002629A7 /* BucketlistTableViewCell.swift */ = {isa = PBXFileReference; lastKnownFileType = sourcecode.swift; path = BucketlistTableViewCell.swift; sourceTree = "<group>"; };
		378F530328855508009734BF /* HomeTableViewController.swift */ = {isa = PBXFileReference; lastKnownFileType = sourcecode.swift; path = HomeTableViewController.swift; sourceTree = "<group>"; };
		37B923962884DDBA00EB8A34 /* TrendMedia.app */ = {isa = PBXFileReference; explicitFileType = wrapper.application; includeInIndex = 0; path = TrendMedia.app; sourceTree = BUILT_PRODUCTS_DIR; };
		37B923992884DDBA00EB8A34 /* AppDelegate.swift */ = {isa = PBXFileReference; lastKnownFileType = sourcecode.swift; path = AppDelegate.swift; sourceTree = "<group>"; };
		37B9239B2884DDBA00EB8A34 /* SceneDelegate.swift */ = {isa = PBXFileReference; lastKnownFileType = sourcecode.swift; path = SceneDelegate.swift; sourceTree = "<group>"; };
		37B9239D2884DDBA00EB8A34 /* ViewController.swift */ = {isa = PBXFileReference; lastKnownFileType = sourcecode.swift; path = ViewController.swift; sourceTree = "<group>"; };
		37B923A02884DDBA00EB8A34 /* Base */ = {isa = PBXFileReference; lastKnownFileType = file.storyboard; name = Base; path = Base.lproj/Main.storyboard; sourceTree = "<group>"; };
		37B923A22884DDBC00EB8A34 /* Assets.xcassets */ = {isa = PBXFileReference; lastKnownFileType = folder.assetcatalog; path = Assets.xcassets; sourceTree = "<group>"; };
		37B923A52884DDBC00EB8A34 /* Base */ = {isa = PBXFileReference; lastKnownFileType = file.storyboard; name = Base; path = Base.lproj/LaunchScreen.storyboard; sourceTree = "<group>"; };
		37B923A72884DDBC00EB8A34 /* Info.plist */ = {isa = PBXFileReference; lastKnownFileType = text.plist.xml; path = Info.plist; sourceTree = "<group>"; };
		37CB6E8C2884F111007805C5 /* Home.storyboard */ = {isa = PBXFileReference; lastKnownFileType = file.storyboard; path = Home.storyboard; sourceTree = "<group>"; };
		37CB6E8E2884FE35007805C5 /* SettingTableViewController.swift */ = {isa = PBXFileReference; lastKnownFileType = sourcecode.swift; path = SettingTableViewController.swift; sourceTree = "<group>"; };
		37CB6E90288534C5007805C5 /* Setting.storyboard */ = {isa = PBXFileReference; lastKnownFileType = file.storyboard; path = Setting.storyboard; sourceTree = "<group>"; };
		37D0C63A2886400E008AB018 /* Search.storyboard */ = {isa = PBXFileReference; lastKnownFileType = file.storyboard; path = Search.storyboard; sourceTree = "<group>"; };
		37D0C63C28864041008AB018 /* Trend.storyboard */ = {isa = PBXFileReference; lastKnownFileType = file.storyboard; path = Trend.storyboard; sourceTree = "<group>"; };
		37D0C63F28864075008AB018 /* Intro.storyboard */ = {isa = PBXFileReference; lastKnownFileType = file.storyboard; path = Intro.storyboard; sourceTree = "<group>"; };
		37D0C6412886440A008AB018 /* TrendViewController.swift */ = {isa = PBXFileReference; lastKnownFileType = sourcecode.swift; path = TrendViewController.swift; sourceTree = "<group>"; };
		37D0C64328864418008AB018 /* SearchViewController.swift */ = {isa = PBXFileReference; lastKnownFileType = sourcecode.swift; path = SearchViewController.swift; sourceTree = "<group>"; };
		37D0C6452886451A008AB018 /* UIViewController+Extension.swift */ = {isa = PBXFileReference; lastKnownFileType = sourcecode.swift; path = "UIViewController+Extension.swift"; sourceTree = "<group>"; };
/* End PBXFileReference section */

/* Begin PBXFrameworksBuildPhase section */
		37B923932884DDBA00EB8A34 /* Frameworks */ = {
			isa = PBXFrameworksBuildPhase;
			buildActionMask = 2147483647;
			files = (
			);
			runOnlyForDeploymentPostprocessing = 0;
		};
/* End PBXFrameworksBuildPhase section */

/* Begin PBXGroup section */
		37B9238D2884DDBA00EB8A34 = {
			isa = PBXGroup;
			children = (
				37B923982884DDBA00EB8A34 /* TrendMedia */,
				37B923972884DDBA00EB8A34 /* Products */,
			);
			sourceTree = "<group>";
		};
		37B923972884DDBA00EB8A34 /* Products */ = {
			isa = PBXGroup;
			children = (
				37B923962884DDBA00EB8A34 /* TrendMedia.app */,
			);
			name = Products;
			sourceTree = "<group>";
		};
		37B923982884DDBA00EB8A34 /* TrendMedia */ = {
			isa = PBXGroup;
			children = (
				37B923992884DDBA00EB8A34 /* AppDelegate.swift */,
				37D0C63E2886405B008AB018 /* New Group */,
				37B9239B2884DDBA00EB8A34 /* SceneDelegate.swift */,
				37B9239D2884DDBA00EB8A34 /* ViewController.swift */,
				37B9239F2884DDBA00EB8A34 /* Main.storyboard */,
				37CB6E8C2884F111007805C5 /* Home.storyboard */,
				37CB6E90288534C5007805C5 /* Setting.storyboard */,
				37CB6E8E2884FE35007805C5 /* SettingTableViewController.swift */,
				378F530328855508009734BF /* HomeTableViewController.swift */,
				37B923A22884DDBC00EB8A34 /* Assets.xcassets */,
				37B923A42884DDBC00EB8A34 /* LaunchScreen.storyboard */,
				37B923A72884DDBC00EB8A34 /* Info.plist */,
			);
			path = TrendMedia;
			sourceTree = "<group>";
		};
		37D0C63E2886405B008AB018 /* New Group */ = {
			isa = PBXGroup;
			children = (
				37D0C63A2886400E008AB018 /* Search.storyboard */,
				37D0C63C28864041008AB018 /* Trend.storyboard */,
				3710072128864D9A002629A7 /* BucketlistTableViewCell.swift */,
				3710071F28864B92002629A7 /* BucketlistTableViewController.swift */,
				37D0C63F28864075008AB018 /* Intro.storyboard */,
				37D0C6412886440A008AB018 /* TrendViewController.swift */,
				37D0C64328864418008AB018 /* SearchViewController.swift */,
				37D0C6452886451A008AB018 /* UIViewController+Extension.swift */,
				3710071D28864788002629A7 /* UITextField+Extension.swift */,
			);
			path = "New Group";
			sourceTree = "<group>";
		};
/* End PBXGroup section */

/* Begin PBXNativeTarget section */
		37B923952884DDBA00EB8A34 /* TrendMedia */ = {
			isa = PBXNativeTarget;
			buildConfigurationList = 37B923AA2884DDBC00EB8A34 /* Build configuration list for PBXNativeTarget "TrendMedia" */;
			buildPhases = (
				37B923922884DDBA00EB8A34 /* Sources */,
				37B923932884DDBA00EB8A34 /* Frameworks */,
				37B923942884DDBA00EB8A34 /* Resources */,
			);
			buildRules = (
			);
			dependencies = (
			);
			name = TrendMedia;
			productName = TrendMedia;
			productReference = 37B923962884DDBA00EB8A34 /* TrendMedia.app */;
			productType = "com.apple.product-type.application";
		};
/* End PBXNativeTarget section */

/* Begin PBXProject section */
		37B9238E2884DDBA00EB8A34 /* Project object */ = {
			isa = PBXProject;
			attributes = {
				BuildIndependentTargetsInParallel = 1;
				LastSwiftUpdateCheck = 1340;
				LastUpgradeCheck = 1340;
				TargetAttributes = {
					37B923952884DDBA00EB8A34 = {
						CreatedOnToolsVersion = 13.4.1;
					};
				};
			};
			buildConfigurationList = 37B923912884DDBA00EB8A34 /* Build configuration list for PBXProject "TrendMedia" */;
			compatibilityVersion = "Xcode 13.0";
			developmentRegion = en;
			hasScannedForEncodings = 0;
			knownRegions = (
				en,
				Base,
			);
			mainGroup = 37B9238D2884DDBA00EB8A34;
			productRefGroup = 37B923972884DDBA00EB8A34 /* Products */;
			projectDirPath = "";
			projectRoot = "";
			targets = (
				37B923952884DDBA00EB8A34 /* TrendMedia */,
			);
		};
/* End PBXProject section */

/* Begin PBXResourcesBuildPhase section */
		37B923942884DDBA00EB8A34 /* Resources */ = {
			isa = PBXResourcesBuildPhase;
			buildActionMask = 2147483647;
			files = (
				37D0C63D28864041008AB018 /* Trend.storyboard in Resources */,
				37B923A62884DDBC00EB8A34 /* LaunchScreen.storyboard in Resources */,
				37B923A32884DDBC00EB8A34 /* Assets.xcassets in Resources */,
				37D0C64028864075008AB018 /* Intro.storyboard in Resources */,
				37CB6E91288534C5007805C5 /* Setting.storyboard in Resources */,
				37B923A12884DDBA00EB8A34 /* Main.storyboard in Resources */,
				37D0C63B2886400E008AB018 /* Search.storyboard in Resources */,
				37CB6E8D2884F111007805C5 /* Home.storyboard in Resources */,
			);
			runOnlyForDeploymentPostprocessing = 0;
		};
/* End PBXResourcesBuildPhase section */

/* Begin PBXSourcesBuildPhase section */
		37B923922884DDBA00EB8A34 /* Sources */ = {
			isa = PBXSourcesBuildPhase;
			buildActionMask = 2147483647;
			files = (
				3710071E28864788002629A7 /* UITextField+Extension.swift in Sources */,
				37D0C6462886451A008AB018 /* UIViewController+Extension.swift in Sources */,
				37CB6E8F2884FE35007805C5 /* SettingTableViewController.swift in Sources */,
				37D0C64428864418008AB018 /* SearchViewController.swift in Sources */,
				37B9239E2884DDBA00EB8A34 /* ViewController.swift in Sources */,
				37B9239A2884DDBA00EB8A34 /* AppDelegate.swift in Sources */,
				37B9239C2884DDBA00EB8A34 /* SceneDelegate.swift in Sources */,
				3710072028864B92002629A7 /* BucketlistTableViewController.swift in Sources */,
				37D0C6422886440A008AB018 /* TrendViewController.swift in Sources */,
				3710072228864D9A002629A7 /* BucketlistTableViewCell.swift in Sources */,
				378F530428855508009734BF /* HomeTableViewController.swift in Sources */,
			);
			runOnlyForDeploymentPostprocessing = 0;
		};
/* End PBXSourcesBuildPhase section */

/* Begin PBXVariantGroup section */
		37B9239F2884DDBA00EB8A34 /* Main.storyboard */ = {
			isa = PBXVariantGroup;
			children = (
				37B923A02884DDBA00EB8A34 /* Base */,
			);
			name = Main.storyboard;
			sourceTree = "<group>";
		};
		37B923A42884DDBC00EB8A34 /* LaunchScreen.storyboard */ = {
			isa = PBXVariantGroup;
			children = (
				37B923A52884DDBC00EB8A34 /* Base */,
			);
			name = LaunchScreen.storyboard;
			sourceTree = "<group>";
		};
/* End PBXVariantGroup section */

/* Begin XCBuildConfiguration section */
		37B923A82884DDBC00EB8A34 /* Debug */ = {
			isa = XCBuildConfiguration;
			buildSettings = {
				ALWAYS_SEARCH_USER_PATHS = NO;
				CLANG_ANALYZER_NONNULL = YES;
				CLANG_ANALYZER_NUMBER_OBJECT_CONVERSION = YES_AGGRESSIVE;
				CLANG_CXX_LANGUAGE_STANDARD = "gnu++17";
				CLANG_ENABLE_MODULES = YES;
				CLANG_ENABLE_OBJC_ARC = YES;
				CLANG_ENABLE_OBJC_WEAK = YES;
				CLANG_WARN_BLOCK_CAPTURE_AUTORELEASING = YES;
				CLANG_WARN_BOOL_CONVERSION = YES;
				CLANG_WARN_COMMA = YES;
				CLANG_WARN_CONSTANT_CONVERSION = YES;
				CLANG_WARN_DEPRECATED_OBJC_IMPLEMENTATIONS = YES;
				CLANG_WARN_DIRECT_OBJC_ISA_USAGE = YES_ERROR;
				CLANG_WARN_DOCUMENTATION_COMMENTS = YES;
				CLANG_WARN_EMPTY_BODY = YES;
				CLANG_WARN_ENUM_CONVERSION = YES;
				CLANG_WARN_INFINITE_RECURSION = YES;
				CLANG_WARN_INT_CONVERSION = YES;
				CLANG_WARN_NON_LITERAL_NULL_CONVERSION = YES;
				CLANG_WARN_OBJC_IMPLICIT_RETAIN_SELF = YES;
				CLANG_WARN_OBJC_LITERAL_CONVERSION = YES;
				CLANG_WARN_OBJC_ROOT_CLASS = YES_ERROR;
				CLANG_WARN_QUOTED_INCLUDE_IN_FRAMEWORK_HEADER = YES;
				CLANG_WARN_RANGE_LOOP_ANALYSIS = YES;
				CLANG_WARN_STRICT_PROTOTYPES = YES;
				CLANG_WARN_SUSPICIOUS_MOVE = YES;
				CLANG_WARN_UNGUARDED_AVAILABILITY = YES_AGGRESSIVE;
				CLANG_WARN_UNREACHABLE_CODE = YES;
				CLANG_WARN__DUPLICATE_METHOD_MATCH = YES;
				COPY_PHASE_STRIP = NO;
				DEBUG_INFORMATION_FORMAT = dwarf;
				ENABLE_STRICT_OBJC_MSGSEND = YES;
				ENABLE_TESTABILITY = YES;
				GCC_C_LANGUAGE_STANDARD = gnu11;
				GCC_DYNAMIC_NO_PIC = NO;
				GCC_NO_COMMON_BLOCKS = YES;
				GCC_OPTIMIZATION_LEVEL = 0;
				GCC_PREPROCESSOR_DEFINITIONS = (
					"DEBUG=1",
					"$(inherited)",
				);
				GCC_WARN_64_TO_32_BIT_CONVERSION = YES;
				GCC_WARN_ABOUT_RETURN_TYPE = YES_ERROR;
				GCC_WARN_UNDECLARED_SELECTOR = YES;
				GCC_WARN_UNINITIALIZED_AUTOS = YES_AGGRESSIVE;
				GCC_WARN_UNUSED_FUNCTION = YES;
				GCC_WARN_UNUSED_VARIABLE = YES;
				IPHONEOS_DEPLOYMENT_TARGET = 15.5;
				MTL_ENABLE_DEBUG_INFO = INCLUDE_SOURCE;
				MTL_FAST_MATH = YES;
				ONLY_ACTIVE_ARCH = YES;
				SDKROOT = iphoneos;
				SWIFT_ACTIVE_COMPILATION_CONDITIONS = DEBUG;
				SWIFT_OPTIMIZATION_LEVEL = "-Onone";
			};
			name = Debug;
		};
		37B923A92884DDBC00EB8A34 /* Release */ = {
			isa = XCBuildConfiguration;
			buildSettings = {
				ALWAYS_SEARCH_USER_PATHS = NO;
				CLANG_ANALYZER_NONNULL = YES;
				CLANG_ANALYZER_NUMBER_OBJECT_CONVERSION = YES_AGGRESSIVE;
				CLANG_CXX_LANGUAGE_STANDARD = "gnu++17";
				CLANG_ENABLE_MODULES = YES;
				CLANG_ENABLE_OBJC_ARC = YES;
				CLANG_ENABLE_OBJC_WEAK = YES;
				CLANG_WARN_BLOCK_CAPTURE_AUTORELEASING = YES;
				CLANG_WARN_BOOL_CONVERSION = YES;
				CLANG_WARN_COMMA = YES;
				CLANG_WARN_CONSTANT_CONVERSION = YES;
				CLANG_WARN_DEPRECATED_OBJC_IMPLEMENTATIONS = YES;
				CLANG_WARN_DIRECT_OBJC_ISA_USAGE = YES_ERROR;
				CLANG_WARN_DOCUMENTATION_COMMENTS = YES;
				CLANG_WARN_EMPTY_BODY = YES;
				CLANG_WARN_ENUM_CONVERSION = YES;
				CLANG_WARN_INFINITE_RECURSION = YES;
				CLANG_WARN_INT_CONVERSION = YES;
				CLANG_WARN_NON_LITERAL_NULL_CONVERSION = YES;
				CLANG_WARN_OBJC_IMPLICIT_RETAIN_SELF = YES;
				CLANG_WARN_OBJC_LITERAL_CONVERSION = YES;
				CLANG_WARN_OBJC_ROOT_CLASS = YES_ERROR;
				CLANG_WARN_QUOTED_INCLUDE_IN_FRAMEWORK_HEADER = YES;
				CLANG_WARN_RANGE_LOOP_ANALYSIS = YES;
				CLANG_WARN_STRICT_PROTOTYPES = YES;
				CLANG_WARN_SUSPICIOUS_MOVE = YES;
				CLANG_WARN_UNGUARDED_AVAILABILITY = YES_AGGRESSIVE;
				CLANG_WARN_UNREACHABLE_CODE = YES;
				CLANG_WARN__DUPLICATE_METHOD_MATCH = YES;
				COPY_PHASE_STRIP = NO;
				DEBUG_INFORMATION_FORMAT = "dwarf-with-dsym";
				ENABLE_NS_ASSERTIONS = NO;
				ENABLE_STRICT_OBJC_MSGSEND = YES;
				GCC_C_LANGUAGE_STANDARD = gnu11;
				GCC_NO_COMMON_BLOCKS = YES;
				GCC_WARN_64_TO_32_BIT_CONVERSION = YES;
				GCC_WARN_ABOUT_RETURN_TYPE = YES_ERROR;
				GCC_WARN_UNDECLARED_SELECTOR = YES;
				GCC_WARN_UNINITIALIZED_AUTOS = YES_AGGRESSIVE;
				GCC_WARN_UNUSED_FUNCTION = YES;
				GCC_WARN_UNUSED_VARIABLE = YES;
				IPHONEOS_DEPLOYMENT_TARGET = 15.5;
				MTL_ENABLE_DEBUG_INFO = NO;
				MTL_FAST_MATH = YES;
				SDKROOT = iphoneos;
				SWIFT_COMPILATION_MODE = wholemodule;
				SWIFT_OPTIMIZATION_LEVEL = "-O";
				VALIDATE_PRODUCT = YES;
			};
			name = Release;
		};
		37B923AB2884DDBC00EB8A34 /* Debug */ = {
			isa = XCBuildConfiguration;
			buildSettings = {
				ASSETCATALOG_COMPILER_APPICON_NAME = AppIcon;
				ASSETCATALOG_COMPILER_GLOBAL_ACCENT_COLOR_NAME = AccentColor;
				CODE_SIGN_STYLE = Automatic;
				CURRENT_PROJECT_VERSION = 1;
				DEVELOPMENT_TEAM = B3PWYBKFUK;
				GENERATE_INFOPLIST_FILE = YES;
				INFOPLIST_FILE = TrendMedia/Info.plist;
				INFOPLIST_KEY_UIApplicationSupportsIndirectInputEvents = YES;
				INFOPLIST_KEY_UILaunchStoryboardName = LaunchScreen;
				INFOPLIST_KEY_UIMainStoryboardFile = Intro;
				INFOPLIST_KEY_UISupportedInterfaceOrientations_iPad = "UIInterfaceOrientationPortrait UIInterfaceOrientationPortraitUpsideDown UIInterfaceOrientationLandscapeLeft UIInterfaceOrientationLandscapeRight";
				INFOPLIST_KEY_UISupportedInterfaceOrientations_iPhone = "UIInterfaceOrientationPortrait UIInterfaceOrientationLandscapeLeft UIInterfaceOrientationLandscapeRight";
				IPHONEOS_DEPLOYMENT_TARGET = 13.0;
				LD_RUNPATH_SEARCH_PATHS = (
					"$(inherited)",
					"@executable_path/Frameworks",
				);
				MARKETING_VERSION = 1.0;
				PRODUCT_BUNDLE_IDENTIFIER = com.joobang.TrendMedia;
				PRODUCT_NAME = "$(TARGET_NAME)";
				SWIFT_EMIT_LOC_STRINGS = YES;
				SWIFT_VERSION = 5.0;
				TARGETED_DEVICE_FAMILY = 1;
			};
			name = Debug;
		};
		37B923AC2884DDBC00EB8A34 /* Release */ = {
			isa = XCBuildConfiguration;
			buildSettings = {
				ASSETCATALOG_COMPILER_APPICON_NAME = AppIcon;
				ASSETCATALOG_COMPILER_GLOBAL_ACCENT_COLOR_NAME = AccentColor;
				CODE_SIGN_STYLE = Automatic;
				CURRENT_PROJECT_VERSION = 1;
				DEVELOPMENT_TEAM = B3PWYBKFUK;
				GENERATE_INFOPLIST_FILE = YES;
				INFOPLIST_FILE = TrendMedia/Info.plist;
				INFOPLIST_KEY_UIApplicationSupportsIndirectInputEvents = YES;
				INFOPLIST_KEY_UILaunchStoryboardName = LaunchScreen;
				INFOPLIST_KEY_UIMainStoryboardFile = Intro;
				INFOPLIST_KEY_UISupportedInterfaceOrientations_iPad = "UIInterfaceOrientationPortrait UIInterfaceOrientationPortraitUpsideDown UIInterfaceOrientationLandscapeLeft UIInterfaceOrientationLandscapeRight";
				INFOPLIST_KEY_UISupportedInterfaceOrientations_iPhone = "UIInterfaceOrientationPortrait UIInterfaceOrientationLandscapeLeft UIInterfaceOrientationLandscapeRight";
				IPHONEOS_DEPLOYMENT_TARGET = 13.0;
				LD_RUNPATH_SEARCH_PATHS = (
					"$(inherited)",
					"@executable_path/Frameworks",
				);
				MARKETING_VERSION = 1.0;
				PRODUCT_BUNDLE_IDENTIFIER = com.joobang.TrendMedia;
				PRODUCT_NAME = "$(TARGET_NAME)";
				SWIFT_EMIT_LOC_STRINGS = YES;
				SWIFT_VERSION = 5.0;
				TARGETED_DEVICE_FAMILY = 1;
			};
			name = Release;
		};
/* End XCBuildConfiguration section */

/* Begin XCConfigurationList section */
		37B923912884DDBA00EB8A34 /* Build configuration list for PBXProject "TrendMedia" */ = {
			isa = XCConfigurationList;
			buildConfigurations = (
				37B923A82884DDBC00EB8A34 /* Debug */,
				37B923A92884DDBC00EB8A34 /* Release */,
			);
			defaultConfigurationIsVisible = 0;
			defaultConfigurationName = Release;
		};
		37B923AA2884DDBC00EB8A34 /* Build configuration list for PBXNativeTarget "TrendMedia" */ = {
			isa = XCConfigurationList;
			buildConfigurations = (
				37B923AB2884DDBC00EB8A34 /* Debug */,
				37B923AC2884DDBC00EB8A34 /* Release */,
			);
			defaultConfigurationIsVisible = 0;
			defaultConfigurationName = Release;
		};
/* End XCConfigurationList section */
	};
	rootObject = 37B9238E2884DDBA00EB8A34 /* Project object */;
}
