// !$*UTF8*$!
{
	archiveVersion = 1;
	classes = {
	};
	objectVersion = 55;
	objects = {

/* Begin PBXBuildFile section */
		370B16D4289752870000CD58 /* ReusableViewProtocol.swift in Sources */ = {isa = PBXBuildFile; fileRef = 370B16D3289752870000CD58 /* ReusableViewProtocol.swift */; };
		370B16D7289757960000CD58 /* Constant.swift in Sources */ = {isa = PBXBuildFile; fileRef = 370B16D6289757960000CD58 /* Constant.swift */; };
		370B16D928975FB00000CD58 /* UserDefaultsHelper.swift in Sources */ = {isa = PBXBuildFile; fileRef = 370B16D828975FB00000CD58 /* UserDefaultsHelper.swift */; };
		370B16DC28977C8A0000CD58 /* Alamofire in Frameworks */ = {isa = PBXBuildFile; productRef = 370B16DB28977C8A0000CD58 /* Alamofire */; };
		370B16DF28977CB90000CD58 /* SwiftyJSON in Frameworks */ = {isa = PBXBuildFile; productRef = 370B16DE28977CB90000CD58 /* SwiftyJSON */; };
		3743DE7A2890DD7A00672C97 /* AppDelegate.swift in Sources */ = {isa = PBXBuildFile; fileRef = 3743DE792890DD7A00672C97 /* AppDelegate.swift */; };
		3743DE7C2890DD7A00672C97 /* SceneDelegate.swift in Sources */ = {isa = PBXBuildFile; fileRef = 3743DE7B2890DD7A00672C97 /* SceneDelegate.swift */; };
		3743DE7E2890DD7A00672C97 /* ViewController.swift in Sources */ = {isa = PBXBuildFile; fileRef = 3743DE7D2890DD7A00672C97 /* ViewController.swift */; };
		3743DE812890DD7A00672C97 /* Main.storyboard in Resources */ = {isa = PBXBuildFile; fileRef = 3743DE7F2890DD7A00672C97 /* Main.storyboard */; };
		3743DE832890DD7C00672C97 /* Assets.xcassets in Resources */ = {isa = PBXBuildFile; fileRef = 3743DE822890DD7C00672C97 /* Assets.xcassets */; };
		3743DE862890DD7C00672C97 /* LaunchScreen.storyboard in Resources */ = {isa = PBXBuildFile; fileRef = 3743DE842890DD7C00672C97 /* LaunchScreen.storyboard */; };
		3743DE8E2890E1F600672C97 /* SearchViewController.swift in Sources */ = {isa = PBXBuildFile; fileRef = 3743DE8D2890E1F600672C97 /* SearchViewController.swift */; };
		3743DE932890E4CE00672C97 /* ListTableViewCell.swift in Sources */ = {isa = PBXBuildFile; fileRef = 3743DE912890E4CE00672C97 /* ListTableViewCell.swift */; };
		3743DE942890E4CE00672C97 /* ListTableViewCell.xib in Resources */ = {isa = PBXBuildFile; fileRef = 3743DE922890E4CE00672C97 /* ListTableViewCell.xib */; };
		37689CFC28935D440019048B /* LocationViewController.swift in Sources */ = {isa = PBXBuildFile; fileRef = 37689CFB28935D440019048B /* LocationViewController.swift */; };
		37689D012893840B0019048B /* DalseoHealingMedium.otf in Resources */ = {isa = PBXBuildFile; fileRef = 37689CFE2893840B0019048B /* DalseoHealingMedium.otf */; };
		37689D022893840B0019048B /* DalseoHealingBold.otf in Resources */ = {isa = PBXBuildFile; fileRef = 37689CFF2893840B0019048B /* DalseoHealingBold.otf */; };
		37689D032893840B0019048B /* DalseoDarling.otf in Resources */ = {isa = PBXBuildFile; fileRef = 37689D002893840B0019048B /* DalseoDarling.otf */; };
		37C1908628920CDD0059EB4F /* ViewPresntableProtocol.swift in Sources */ = {isa = PBXBuildFile; fileRef = 37C1908528920CDD0059EB4F /* ViewPresntableProtocol.swift */; };
		37C19088289223710059EB4F /* LottoViewController.swift in Sources */ = {isa = PBXBuildFile; fileRef = 37C19087289223710059EB4F /* LottoViewController.swift */; };
		37C1908A289230520059EB4F /* TranslateViewController.swift in Sources */ = {isa = PBXBuildFile; fileRef = 37C19089289230520059EB4F /* TranslateViewController.swift */; };
		37C1908C28923AA80059EB4F /* WebViewViewController.swift in Sources */ = {isa = PBXBuildFile; fileRef = 37C1908B28923AA80059EB4F /* WebViewViewController.swift */; };
/* End PBXBuildFile section */

/* Begin PBXFileReference section */
		370B16D3289752870000CD58 /* ReusableViewProtocol.swift */ = {isa = PBXFileReference; lastKnownFileType = sourcecode.swift; path = ReusableViewProtocol.swift; sourceTree = "<group>"; };
		370B16D6289757960000CD58 /* Constant.swift */ = {isa = PBXFileReference; lastKnownFileType = sourcecode.swift; path = Constant.swift; sourceTree = "<group>"; };
		370B16D828975FB00000CD58 /* UserDefaultsHelper.swift */ = {isa = PBXFileReference; lastKnownFileType = sourcecode.swift; path = UserDefaultsHelper.swift; sourceTree = "<group>"; };
		3743DE762890DD7A00672C97 /* SeSAC2NetworkBasic.app */ = {isa = PBXFileReference; explicitFileType = wrapper.application; includeInIndex = 0; path = SeSAC2NetworkBasic.app; sourceTree = BUILT_PRODUCTS_DIR; };
		3743DE792890DD7A00672C97 /* AppDelegate.swift */ = {isa = PBXFileReference; lastKnownFileType = sourcecode.swift; path = AppDelegate.swift; sourceTree = "<group>"; };
		3743DE7B2890DD7A00672C97 /* SceneDelegate.swift */ = {isa = PBXFileReference; lastKnownFileType = sourcecode.swift; path = SceneDelegate.swift; sourceTree = "<group>"; };
		3743DE7D2890DD7A00672C97 /* ViewController.swift */ = {isa = PBXFileReference; lastKnownFileType = sourcecode.swift; path = ViewController.swift; sourceTree = "<group>"; };
		3743DE802890DD7A00672C97 /* Base */ = {isa = PBXFileReference; lastKnownFileType = file.storyboard; name = Base; path = Base.lproj/Main.storyboard; sourceTree = "<group>"; };
		3743DE822890DD7C00672C97 /* Assets.xcassets */ = {isa = PBXFileReference; lastKnownFileType = folder.assetcatalog; path = Assets.xcassets; sourceTree = "<group>"; };
		3743DE852890DD7C00672C97 /* Base */ = {isa = PBXFileReference; lastKnownFileType = file.storyboard; name = Base; path = Base.lproj/LaunchScreen.storyboard; sourceTree = "<group>"; };
		3743DE872890DD7C00672C97 /* Info.plist */ = {isa = PBXFileReference; lastKnownFileType = text.plist.xml; path = Info.plist; sourceTree = "<group>"; };
		3743DE8D2890E1F600672C97 /* SearchViewController.swift */ = {isa = PBXFileReference; lastKnownFileType = sourcecode.swift; path = SearchViewController.swift; sourceTree = "<group>"; };
		3743DE912890E4CE00672C97 /* ListTableViewCell.swift */ = {isa = PBXFileReference; lastKnownFileType = sourcecode.swift; path = ListTableViewCell.swift; sourceTree = "<group>"; };
		3743DE922890E4CE00672C97 /* ListTableViewCell.xib */ = {isa = PBXFileReference; lastKnownFileType = file.xib; path = ListTableViewCell.xib; sourceTree = "<group>"; };
		37689CFB28935D440019048B /* LocationViewController.swift */ = {isa = PBXFileReference; lastKnownFileType = sourcecode.swift; path = LocationViewController.swift; sourceTree = "<group>"; };
		37689CFE2893840B0019048B /* DalseoHealingMedium.otf */ = {isa = PBXFileReference; lastKnownFileType = file; path = DalseoHealingMedium.otf; sourceTree = "<group>"; };
		37689CFF2893840B0019048B /* DalseoHealingBold.otf */ = {isa = PBXFileReference; lastKnownFileType = file; path = DalseoHealingBold.otf; sourceTree = "<group>"; };
		37689D002893840B0019048B /* DalseoDarling.otf */ = {isa = PBXFileReference; lastKnownFileType = file; path = DalseoDarling.otf; sourceTree = "<group>"; };
		37C1908528920CDD0059EB4F /* ViewPresntableProtocol.swift */ = {isa = PBXFileReference; lastKnownFileType = sourcecode.swift; path = ViewPresntableProtocol.swift; sourceTree = "<group>"; };
		37C19087289223710059EB4F /* LottoViewController.swift */ = {isa = PBXFileReference; lastKnownFileType = sourcecode.swift; path = LottoViewController.swift; sourceTree = "<group>"; };
		37C19089289230520059EB4F /* TranslateViewController.swift */ = {isa = PBXFileReference; lastKnownFileType = sourcecode.swift; path = TranslateViewController.swift; sourceTree = "<group>"; };
		37C1908B28923AA80059EB4F /* WebViewViewController.swift */ = {isa = PBXFileReference; lastKnownFileType = sourcecode.swift; path = WebViewViewController.swift; sourceTree = "<group>"; };
/* End PBXFileReference section */

/* Begin PBXFrameworksBuildPhase section */
		3743DE732890DD7A00672C97 /* Frameworks */ = {
			isa = PBXFrameworksBuildPhase;
			buildActionMask = 2147483647;
			files = (
				370B16DF28977CB90000CD58 /* SwiftyJSON in Frameworks */,
				370B16DC28977C8A0000CD58 /* Alamofire in Frameworks */,
			);
			runOnlyForDeploymentPostprocessing = 0;
		};
/* End PBXFrameworksBuildPhase section */

/* Begin PBXGroup section */
		370B16D5289757810000CD58 /* Constant */ = {
			isa = PBXGroup;
			children = (
				370B16D6289757960000CD58 /* Constant.swift */,
				370B16D828975FB00000CD58 /* UserDefaultsHelper.swift */,
			);
			path = Constant;
			sourceTree = "<group>";
		};
		3743DE6D2890DD7A00672C97 = {
			isa = PBXGroup;
			children = (
				3743DE772890DD7A00672C97 /* Products */,
				3743DE782890DD7A00672C97 /* SeSAC2NetworkBasic */,
			);
			sourceTree = "<group>";
		};
		3743DE772890DD7A00672C97 /* Products */ = {
			isa = PBXGroup;
			children = (
				3743DE762890DD7A00672C97 /* SeSAC2NetworkBasic.app */,
			);
			name = Products;
			sourceTree = "<group>";
		};
		3743DE782890DD7A00672C97 /* SeSAC2NetworkBasic */ = {
			isa = PBXGroup;
			children = (
				370B16D5289757810000CD58 /* Constant */,
				37689CFD2893840B0019048B /* font_otf */,
				37C1908428920CAD0059EB4F /* Protocol */,
				3743DE792890DD7A00672C97 /* AppDelegate.swift */,
				3743DE7B2890DD7A00672C97 /* SceneDelegate.swift */,
				3743DE7D2890DD7A00672C97 /* ViewController.swift */,
				3743DE7F2890DD7A00672C97 /* Main.storyboard */,
				37689CFB28935D440019048B /* LocationViewController.swift */,
				37C1908B28923AA80059EB4F /* WebViewViewController.swift */,
				37C19089289230520059EB4F /* TranslateViewController.swift */,
				37C19087289223710059EB4F /* LottoViewController.swift */,
				3743DE912890E4CE00672C97 /* ListTableViewCell.swift */,
				3743DE922890E4CE00672C97 /* ListTableViewCell.xib */,
				3743DE8D2890E1F600672C97 /* SearchViewController.swift */,
				3743DE822890DD7C00672C97 /* Assets.xcassets */,
				3743DE842890DD7C00672C97 /* LaunchScreen.storyboard */,
				3743DE872890DD7C00672C97 /* Info.plist */,
			);
			path = SeSAC2NetworkBasic;
			sourceTree = "<group>";
		};
		37689CFD2893840B0019048B /* font_otf */ = {
			isa = PBXGroup;
			children = (
				37689CFE2893840B0019048B /* DalseoHealingMedium.otf */,
				37689CFF2893840B0019048B /* DalseoHealingBold.otf */,
				37689D002893840B0019048B /* DalseoDarling.otf */,
			);
			path = font_otf;
			sourceTree = "<group>";
		};
		37C1908428920CAD0059EB4F /* Protocol */ = {
			isa = PBXGroup;
			children = (
				37C1908528920CDD0059EB4F /* ViewPresntableProtocol.swift */,
				370B16D3289752870000CD58 /* ReusableViewProtocol.swift */,
			);
			path = Protocol;
			sourceTree = "<group>";
		};
/* End PBXGroup section */

/* Begin PBXNativeTarget section */
		3743DE752890DD7A00672C97 /* SeSAC2NetworkBasic */ = {
			isa = PBXNativeTarget;
			buildConfigurationList = 3743DE8A2890DD7C00672C97 /* Build configuration list for PBXNativeTarget "SeSAC2NetworkBasic" */;
			buildPhases = (
				3743DE722890DD7A00672C97 /* Sources */,
				3743DE732890DD7A00672C97 /* Frameworks */,
				3743DE742890DD7A00672C97 /* Resources */,
			);
			buildRules = (
			);
			dependencies = (
			);
			name = SeSAC2NetworkBasic;
			packageProductDependencies = (
				370B16DB28977C8A0000CD58 /* Alamofire */,
				370B16DE28977CB90000CD58 /* SwiftyJSON */,
			);
			productName = SeSAC2NetworkBasic;
			productReference = 3743DE762890DD7A00672C97 /* SeSAC2NetworkBasic.app */;
			productType = "com.apple.product-type.application";
		};
/* End PBXNativeTarget section */

/* Begin PBXProject section */
		3743DE6E2890DD7A00672C97 /* Project object */ = {
			isa = PBXProject;
			attributes = {
				BuildIndependentTargetsInParallel = 1;
				LastSwiftUpdateCheck = 1340;
				LastUpgradeCheck = 1340;
				TargetAttributes = {
					3743DE752890DD7A00672C97 = {
						CreatedOnToolsVersion = 13.4.1;
					};
				};
			};
			buildConfigurationList = 3743DE712890DD7A00672C97 /* Build configuration list for PBXProject "SeSAC2NetworkBasic" */;
			compatibilityVersion = "Xcode 13.0";
			developmentRegion = en;
			hasScannedForEncodings = 0;
			knownRegions = (
				en,
				Base,
			);
			mainGroup = 3743DE6D2890DD7A00672C97;
			packageReferences = (
				370B16DA28977C8A0000CD58 /* XCRemoteSwiftPackageReference "Alamofire" */,
				370B16DD28977CB90000CD58 /* XCRemoteSwiftPackageReference "SwiftyJSON" */,
			);
			productRefGroup = 3743DE772890DD7A00672C97 /* Products */;
			projectDirPath = "";
			projectRoot = "";
			targets = (
				3743DE752890DD7A00672C97 /* SeSAC2NetworkBasic */,
			);
		};
/* End PBXProject section */

/* Begin PBXResourcesBuildPhase section */
		3743DE742890DD7A00672C97 /* Resources */ = {
			isa = PBXResourcesBuildPhase;
			buildActionMask = 2147483647;
			files = (
				3743DE862890DD7C00672C97 /* LaunchScreen.storyboard in Resources */,
				37689D022893840B0019048B /* DalseoHealingBold.otf in Resources */,
				37689D032893840B0019048B /* DalseoDarling.otf in Resources */,
				37689D012893840B0019048B /* DalseoHealingMedium.otf in Resources */,
				3743DE942890E4CE00672C97 /* ListTableViewCell.xib in Resources */,
				3743DE832890DD7C00672C97 /* Assets.xcassets in Resources */,
				3743DE812890DD7A00672C97 /* Main.storyboard in Resources */,
			);
			runOnlyForDeploymentPostprocessing = 0;
		};
/* End PBXResourcesBuildPhase section */

/* Begin PBXSourcesBuildPhase section */
		3743DE722890DD7A00672C97 /* Sources */ = {
			isa = PBXSourcesBuildPhase;
			buildActionMask = 2147483647;
			files = (
				3743DE7E2890DD7A00672C97 /* ViewController.swift in Sources */,
				370B16D928975FB00000CD58 /* UserDefaultsHelper.swift in Sources */,
				3743DE7A2890DD7A00672C97 /* AppDelegate.swift in Sources */,
				37C1908628920CDD0059EB4F /* ViewPresntableProtocol.swift in Sources */,
				37C19088289223710059EB4F /* LottoViewController.swift in Sources */,
				3743DE8E2890E1F600672C97 /* SearchViewController.swift in Sources */,
				37689CFC28935D440019048B /* LocationViewController.swift in Sources */,
				37C1908A289230520059EB4F /* TranslateViewController.swift in Sources */,
				3743DE7C2890DD7A00672C97 /* SceneDelegate.swift in Sources */,
				37C1908C28923AA80059EB4F /* WebViewViewController.swift in Sources */,
				370B16D4289752870000CD58 /* ReusableViewProtocol.swift in Sources */,
				3743DE932890E4CE00672C97 /* ListTableViewCell.swift in Sources */,
				370B16D7289757960000CD58 /* Constant.swift in Sources */,
			);
			runOnlyForDeploymentPostprocessing = 0;
		};
/* End PBXSourcesBuildPhase section */

/* Begin PBXVariantGroup section */
		3743DE7F2890DD7A00672C97 /* Main.storyboard */ = {
			isa = PBXVariantGroup;
			children = (
				3743DE802890DD7A00672C97 /* Base */,
			);
			name = Main.storyboard;
			sourceTree = "<group>";
		};
		3743DE842890DD7C00672C97 /* LaunchScreen.storyboard */ = {
			isa = PBXVariantGroup;
			children = (
				3743DE852890DD7C00672C97 /* Base */,
			);
			name = LaunchScreen.storyboard;
			sourceTree = "<group>";
		};
/* End PBXVariantGroup section */

/* Begin XCBuildConfiguration section */
		3743DE882890DD7C00672C97 /* Debug */ = {
			isa = XCBuildConfiguration;
			buildSettings = {
				ALWAYS_SEARCH_USER_PATHS = NO;
				CLANG_ANALYZER_NONNULL = YES;
				CLANG_ANALYZER_NUMBER_OBJECT_CONVERSION = YES_AGGRESSIVE;
				CLANG_CXX_LANGUAGE_STANDARD = "gnu++17";
				CLANG_ENABLE_MODULES = YES;
				CLANG_ENABLE_OBJC_ARC = YES;
				CLANG_ENABLE_OBJC_WEAK = YES;
				CLANG_WARN_BLOCK_CAPTURE_AUTORELEASING = YES;
				CLANG_WARN_BOOL_CONVERSION = YES;
				CLANG_WARN_COMMA = YES;
				CLANG_WARN_CONSTANT_CONVERSION = YES;
				CLANG_WARN_DEPRECATED_OBJC_IMPLEMENTATIONS = YES;
				CLANG_WARN_DIRECT_OBJC_ISA_USAGE = YES_ERROR;
				CLANG_WARN_DOCUMENTATION_COMMENTS = YES;
				CLANG_WARN_EMPTY_BODY = YES;
				CLANG_WARN_ENUM_CONVERSION = YES;
				CLANG_WARN_INFINITE_RECURSION = YES;
				CLANG_WARN_INT_CONVERSION = YES;
				CLANG_WARN_NON_LITERAL_NULL_CONVERSION = YES;
				CLANG_WARN_OBJC_IMPLICIT_RETAIN_SELF = YES;
				CLANG_WARN_OBJC_LITERAL_CONVERSION = YES;
				CLANG_WARN_OBJC_ROOT_CLASS = YES_ERROR;
				CLANG_WARN_QUOTED_INCLUDE_IN_FRAMEWORK_HEADER = YES;
				CLANG_WARN_RANGE_LOOP_ANALYSIS = YES;
				CLANG_WARN_STRICT_PROTOTYPES = YES;
				CLANG_WARN_SUSPICIOUS_MOVE = YES;
				CLANG_WARN_UNGUARDED_AVAILABILITY = YES_AGGRESSIVE;
				CLANG_WARN_UNREACHABLE_CODE = YES;
				CLANG_WARN__DUPLICATE_METHOD_MATCH = YES;
				COPY_PHASE_STRIP = NO;
				DEBUG_INFORMATION_FORMAT = dwarf;
				ENABLE_STRICT_OBJC_MSGSEND = YES;
				ENABLE_TESTABILITY = YES;
				GCC_C_LANGUAGE_STANDARD = gnu11;
				GCC_DYNAMIC_NO_PIC = NO;
				GCC_NO_COMMON_BLOCKS = YES;
				GCC_OPTIMIZATION_LEVEL = 0;
				GCC_PREPROCESSOR_DEFINITIONS = (
					"DEBUG=1",
					"$(inherited)",
				);
				GCC_WARN_64_TO_32_BIT_CONVERSION = YES;
				GCC_WARN_ABOUT_RETURN_TYPE = YES_ERROR;
				GCC_WARN_UNDECLARED_SELECTOR = YES;
				GCC_WARN_UNINITIALIZED_AUTOS = YES_AGGRESSIVE;
				GCC_WARN_UNUSED_FUNCTION = YES;
				GCC_WARN_UNUSED_VARIABLE = YES;
				IPHONEOS_DEPLOYMENT_TARGET = 15.5;
				MTL_ENABLE_DEBUG_INFO = INCLUDE_SOURCE;
				MTL_FAST_MATH = YES;
				ONLY_ACTIVE_ARCH = YES;
				SDKROOT = iphoneos;
				SWIFT_ACTIVE_COMPILATION_CONDITIONS = DEBUG;
				SWIFT_OPTIMIZATION_LEVEL = "-Onone";
			};
			name = Debug;
		};
		3743DE892890DD7C00672C97 /* Release */ = {
			isa = XCBuildConfiguration;
			buildSettings = {
				ALWAYS_SEARCH_USER_PATHS = NO;
				CLANG_ANALYZER_NONNULL = YES;
				CLANG_ANALYZER_NUMBER_OBJECT_CONVERSION = YES_AGGRESSIVE;
				CLANG_CXX_LANGUAGE_STANDARD = "gnu++17";
				CLANG_ENABLE_MODULES = YES;
				CLANG_ENABLE_OBJC_ARC = YES;
				CLANG_ENABLE_OBJC_WEAK = YES;
				CLANG_WARN_BLOCK_CAPTURE_AUTORELEASING = YES;
				CLANG_WARN_BOOL_CONVERSION = YES;
				CLANG_WARN_COMMA = YES;
				CLANG_WARN_CONSTANT_CONVERSION = YES;
				CLANG_WARN_DEPRECATED_OBJC_IMPLEMENTATIONS = YES;
				CLANG_WARN_DIRECT_OBJC_ISA_USAGE = YES_ERROR;
				CLANG_WARN_DOCUMENTATION_COMMENTS = YES;
				CLANG_WARN_EMPTY_BODY = YES;
				CLANG_WARN_ENUM_CONVERSION = YES;
				CLANG_WARN_INFINITE_RECURSION = YES;
				CLANG_WARN_INT_CONVERSION = YES;
				CLANG_WARN_NON_LITERAL_NULL_CONVERSION = YES;
				CLANG_WARN_OBJC_IMPLICIT_RETAIN_SELF = YES;
				CLANG_WARN_OBJC_LITERAL_CONVERSION = YES;
				CLANG_WARN_OBJC_ROOT_CLASS = YES_ERROR;
				CLANG_WARN_QUOTED_INCLUDE_IN_FRAMEWORK_HEADER = YES;
				CLANG_WARN_RANGE_LOOP_ANALYSIS = YES;
				CLANG_WARN_STRICT_PROTOTYPES = YES;
				CLANG_WARN_SUSPICIOUS_MOVE = YES;
				CLANG_WARN_UNGUARDED_AVAILABILITY = YES_AGGRESSIVE;
				CLANG_WARN_UNREACHABLE_CODE = YES;
				CLANG_WARN__DUPLICATE_METHOD_MATCH = YES;
				COPY_PHASE_STRIP = NO;
				DEBUG_INFORMATION_FORMAT = "dwarf-with-dsym";
				ENABLE_NS_ASSERTIONS = NO;
				ENABLE_STRICT_OBJC_MSGSEND = YES;
				GCC_C_LANGUAGE_STANDARD = gnu11;
				GCC_NO_COMMON_BLOCKS = YES;
				GCC_WARN_64_TO_32_BIT_CONVERSION = YES;
				GCC_WARN_ABOUT_RETURN_TYPE = YES_ERROR;
				GCC_WARN_UNDECLARED_SELECTOR = YES;
				GCC_WARN_UNINITIALIZED_AUTOS = YES_AGGRESSIVE;
				GCC_WARN_UNUSED_FUNCTION = YES;
				GCC_WARN_UNUSED_VARIABLE = YES;
				IPHONEOS_DEPLOYMENT_TARGET = 15.5;
				MTL_ENABLE_DEBUG_INFO = NO;
				MTL_FAST_MATH = YES;
				SDKROOT = iphoneos;
				SWIFT_COMPILATION_MODE = wholemodule;
				SWIFT_OPTIMIZATION_LEVEL = "-O";
				VALIDATE_PRODUCT = YES;
			};
			name = Release;
		};
		3743DE8B2890DD7C00672C97 /* Debug */ = {
			isa = XCBuildConfiguration;
			buildSettings = {
				ASSETCATALOG_COMPILER_APPICON_NAME = AppIcon;
				ASSETCATALOG_COMPILER_GLOBAL_ACCENT_COLOR_NAME = AccentColor;
				CODE_SIGN_STYLE = Automatic;
				CURRENT_PROJECT_VERSION = 1;
				DEVELOPMENT_TEAM = B3PWYBKFUK;
				GENERATE_INFOPLIST_FILE = YES;
				INFOPLIST_FILE = SeSAC2NetworkBasic/Info.plist;
				INFOPLIST_KEY_UIApplicationSupportsIndirectInputEvents = YES;
				INFOPLIST_KEY_UILaunchStoryboardName = LaunchScreen;
				INFOPLIST_KEY_UIMainStoryboardFile = Main;
				INFOPLIST_KEY_UISupportedInterfaceOrientations_iPad = "UIInterfaceOrientationPortrait UIInterfaceOrientationPortraitUpsideDown UIInterfaceOrientationLandscapeLeft UIInterfaceOrientationLandscapeRight";
				INFOPLIST_KEY_UISupportedInterfaceOrientations_iPhone = "UIInterfaceOrientationPortrait UIInterfaceOrientationLandscapeLeft UIInterfaceOrientationLandscapeRight";
				LD_RUNPATH_SEARCH_PATHS = (
					"$(inherited)",
					"@executable_path/Frameworks",
				);
				MARKETING_VERSION = 1.0;
				PRODUCT_BUNDLE_IDENTIFIER = com.joobang.SeSAC2NetworkBasic;
				PRODUCT_NAME = "$(TARGET_NAME)";
				SWIFT_EMIT_LOC_STRINGS = YES;
				SWIFT_VERSION = 5.0;
				TARGETED_DEVICE_FAMILY = "1,2";
			};
			name = Debug;
		};
		3743DE8C2890DD7C00672C97 /* Release */ = {
			isa = XCBuildConfiguration;
			buildSettings = {
				ASSETCATALOG_COMPILER_APPICON_NAME = AppIcon;
				ASSETCATALOG_COMPILER_GLOBAL_ACCENT_COLOR_NAME = AccentColor;
				CODE_SIGN_STYLE = Automatic;
				CURRENT_PROJECT_VERSION = 1;
				DEVELOPMENT_TEAM = B3PWYBKFUK;
				GENERATE_INFOPLIST_FILE = YES;
				INFOPLIST_FILE = SeSAC2NetworkBasic/Info.plist;
				INFOPLIST_KEY_UIApplicationSupportsIndirectInputEvents = YES;
				INFOPLIST_KEY_UILaunchStoryboardName = LaunchScreen;
				INFOPLIST_KEY_UIMainStoryboardFile = Main;
				INFOPLIST_KEY_UISupportedInterfaceOrientations_iPad = "UIInterfaceOrientationPortrait UIInterfaceOrientationPortraitUpsideDown UIInterfaceOrientationLandscapeLeft UIInterfaceOrientationLandscapeRight";
				INFOPLIST_KEY_UISupportedInterfaceOrientations_iPhone = "UIInterfaceOrientationPortrait UIInterfaceOrientationLandscapeLeft UIInterfaceOrientationLandscapeRight";
				LD_RUNPATH_SEARCH_PATHS = (
					"$(inherited)",
					"@executable_path/Frameworks",
				);
				MARKETING_VERSION = 1.0;
				PRODUCT_BUNDLE_IDENTIFIER = com.joobang.SeSAC2NetworkBasic;
				PRODUCT_NAME = "$(TARGET_NAME)";
				SWIFT_EMIT_LOC_STRINGS = YES;
				SWIFT_VERSION = 5.0;
				TARGETED_DEVICE_FAMILY = "1,2";
			};
			name = Release;
		};
/* End XCBuildConfiguration section */

/* Begin XCConfigurationList section */
		3743DE712890DD7A00672C97 /* Build configuration list for PBXProject "SeSAC2NetworkBasic" */ = {
			isa = XCConfigurationList;
			buildConfigurations = (
				3743DE882890DD7C00672C97 /* Debug */,
				3743DE892890DD7C00672C97 /* Release */,
			);
			defaultConfigurationIsVisible = 0;
			defaultConfigurationName = Release;
		};
		3743DE8A2890DD7C00672C97 /* Build configuration list for PBXNativeTarget "SeSAC2NetworkBasic" */ = {
			isa = XCConfigurationList;
			buildConfigurations = (
				3743DE8B2890DD7C00672C97 /* Debug */,
				3743DE8C2890DD7C00672C97 /* Release */,
			);
			defaultConfigurationIsVisible = 0;
			defaultConfigurationName = Release;
		};
/* End XCConfigurationList section */

/* Begin XCRemoteSwiftPackageReference section */
		370B16DA28977C8A0000CD58 /* XCRemoteSwiftPackageReference "Alamofire" */ = {
			isa = XCRemoteSwiftPackageReference;
			repositoryURL = "https://github.com/Alamofire/Alamofire.git";
			requirement = {
				kind = upToNextMajorVersion;
				minimumVersion = 5.0.0;
			};
		};
		370B16DD28977CB90000CD58 /* XCRemoteSwiftPackageReference "SwiftyJSON" */ = {
			isa = XCRemoteSwiftPackageReference;
			repositoryURL = "https://github.com/SwiftyJSON/SwiftyJSON.git";
			requirement = {
				kind = upToNextMajorVersion;
				minimumVersion = 5.0.0;
			};
		};
/* End XCRemoteSwiftPackageReference section */

/* Begin XCSwiftPackageProductDependency section */
		370B16DB28977C8A0000CD58 /* Alamofire */ = {
			isa = XCSwiftPackageProductDependency;
			package = 370B16DA28977C8A0000CD58 /* XCRemoteSwiftPackageReference "Alamofire" */;
			productName = Alamofire;
		};
		370B16DE28977CB90000CD58 /* SwiftyJSON */ = {
			isa = XCSwiftPackageProductDependency;
			package = 370B16DD28977CB90000CD58 /* XCRemoteSwiftPackageReference "SwiftyJSON" */;
			productName = SwiftyJSON;
		};
/* End XCSwiftPackageProductDependency section */
	};
	rootObject = 3743DE6E2890DD7A00672C97 /* Project object */;
}
