// !$*UTF8*$!
{
	archiveVersion = 1;
	classes = {
	};
	objectVersion = 55;
	objects = {

/* Begin PBXBuildFile section */
		370B16FB2899F6C20000CD58 /* AppDelegate.swift in Sources */ = {isa = PBXBuildFile; fileRef = 370B16FA2899F6C20000CD58 /* AppDelegate.swift */; };
		370B16FD2899F6C20000CD58 /* SceneDelegate.swift in Sources */ = {isa = PBXBuildFile; fileRef = 370B16FC2899F6C20000CD58 /* SceneDelegate.swift */; };
		370B16FF2899F6C20000CD58 /* ViewController.swift in Sources */ = {isa = PBXBuildFile; fileRef = 370B16FE2899F6C20000CD58 /* ViewController.swift */; };
		370B17022899F6C20000CD58 /* Main.storyboard in Resources */ = {isa = PBXBuildFile; fileRef = 370B17002899F6C20000CD58 /* Main.storyboard */; };
		370B17042899F6C40000CD58 /* Assets.xcassets in Resources */ = {isa = PBXBuildFile; fileRef = 370B17032899F6C40000CD58 /* Assets.xcassets */; };
		370B17072899F6C40000CD58 /* LaunchScreen.storyboard in Resources */ = {isa = PBXBuildFile; fileRef = 370B17052899F6C40000CD58 /* LaunchScreen.storyboard */; };
		370B170F2899F7D30000CD58 /* .gitignore in Resources */ = {isa = PBXBuildFile; fileRef = 370B170E2899F7D30000CD58 /* .gitignore */; };
		370B17112899F82D0000CD58 /* TMDBViewController.swift in Sources */ = {isa = PBXBuildFile; fileRef = 370B17102899F82D0000CD58 /* TMDBViewController.swift */; };
		370B171F2899FABD0000CD58 /* Example2.swift in Sources */ = {isa = PBXBuildFile; fileRef = 370B171E2899FABD0000CD58 /* Example2.swift */; };
		372E048B28A0DBA300F4FDAD /* CastInfo.swift in Sources */ = {isa = PBXBuildFile; fileRef = 372E048A28A0DBA300F4FDAD /* CastInfo.swift */; };
		372E048E28A105E600F4FDAD /* WebViewController.swift in Sources */ = {isa = PBXBuildFile; fileRef = 372E048D28A105E600F4FDAD /* WebViewController.swift */; };
		372E049228A1061500F4FDAD /* WebView.storyboard in Resources */ = {isa = PBXBuildFile; fileRef = 372E049128A1061500F4FDAD /* WebView.storyboard */; };
		372E049528A1525F00F4FDAD /* ReusableProtocol.swift in Sources */ = {isa = PBXBuildFile; fileRef = 372E049428A1525F00F4FDAD /* ReusableProtocol.swift */; };
		37426ADB28AE3B9C00E6F3D6 /* UIViewController+Extension.swift in Sources */ = {isa = PBXBuildFile; fileRef = 37426ADA28AE3B9C00E6F3D6 /* UIViewController+Extension.swift */; };
		37458A43289AB0DC00138072 /* APIKey.swift in Sources */ = {isa = PBXBuildFile; fileRef = 37458A42289AB0DC00138072 /* APIKey.swift */; };
		37458A45289AB0EF00138072 /* Constant.swift in Sources */ = {isa = PBXBuildFile; fileRef = 37458A44289AB0EF00138072 /* Constant.swift */; };
		37458A49289AB45E00138072 /* Alamofire in Frameworks */ = {isa = PBXBuildFile; productRef = 37458A48289AB45E00138072 /* Alamofire */; };
		37458A4C289AB47A00138072 /* SwiftyJSON in Frameworks */ = {isa = PBXBuildFile; productRef = 37458A4B289AB47A00138072 /* SwiftyJSON */; };
		37458A4F289AB4A500138072 /* Kingfisher in Frameworks */ = {isa = PBXBuildFile; productRef = 37458A4E289AB4A500138072 /* Kingfisher */; };
		37458A51289AB7B900138072 /* TMDBTableViewCell.swift in Sources */ = {isa = PBXBuildFile; fileRef = 37458A50289AB7B900138072 /* TMDBTableViewCell.swift */; };
		37458A53289ACAEE00138072 /* Movie.swift in Sources */ = {isa = PBXBuildFile; fileRef = 37458A52289ACAED00138072 /* Movie.swift */; };
		3762D47B289CFFEF002B9EF9 /* InformationTableViewCell.swift in Sources */ = {isa = PBXBuildFile; fileRef = 3762D479289CFFEF002B9EF9 /* InformationTableViewCell.swift */; };
		3762D47C289CFFEF002B9EF9 /* InformationTableViewCell.xib in Resources */ = {isa = PBXBuildFile; fileRef = 3762D47A289CFFEF002B9EF9 /* InformationTableViewCell.xib */; };
		3767C39828ABBD40003561E8 /* WalkThrough.storyboard in Resources */ = {isa = PBXBuildFile; fileRef = 3767C39728ABBD40003561E8 /* WalkThrough.storyboard */; };
		3767C39A28ABC05F003561E8 /* WalkViewController.swift in Sources */ = {isa = PBXBuildFile; fileRef = 3767C39928ABC05F003561E8 /* WalkViewController.swift */; };
		3767C39C28ABC071003561E8 /* FirstViewController.swift in Sources */ = {isa = PBXBuildFile; fileRef = 3767C39B28ABC071003561E8 /* FirstViewController.swift */; };
		3767C39E28ABC07C003561E8 /* SecondViewController.swift in Sources */ = {isa = PBXBuildFile; fileRef = 3767C39D28ABC07C003561E8 /* SecondViewController.swift */; };
		3767C3A028ABC0A6003561E8 /* ThirdViewController.swift in Sources */ = {isa = PBXBuildFile; fileRef = 3767C39F28ABC0A6003561E8 /* ThirdViewController.swift */; };
		37B422C2289BBDD90043FB05 /* InformationViewController.swift in Sources */ = {isa = PBXBuildFile; fileRef = 37B422C1289BBDD90043FB05 /* InformationViewController.swift */; };
		37B422C4289BBF040043FB05 /* Information.storyboard in Resources */ = {isa = PBXBuildFile; fileRef = 37B422C3289BBF040043FB05 /* Information.storyboard */; };
		37BE79C528A26EE500FA8E47 /* PosterViewController.swift in Sources */ = {isa = PBXBuildFile; fileRef = 37BE79C428A26EE500FA8E47 /* PosterViewController.swift */; };
		37BE79C728A26FC100FA8E47 /* PosterTableViewCell.swift in Sources */ = {isa = PBXBuildFile; fileRef = 37BE79C628A26FC100FA8E47 /* PosterTableViewCell.swift */; };
		37BE79C928A274FF00FA8E47 /* PosterView.xib in Resources */ = {isa = PBXBuildFile; fileRef = 37BE79C828A274FF00FA8E47 /* PosterView.xib */; };
		37BE79CB28A275C600FA8E47 /* PosterView.swift in Sources */ = {isa = PBXBuildFile; fileRef = 37BE79CA28A275C600FA8E47 /* PosterView.swift */; };
		37BE79CE28A2787C00FA8E47 /* PosterCollectionViewCell.swift in Sources */ = {isa = PBXBuildFile; fileRef = 37BE79CC28A2787C00FA8E47 /* PosterCollectionViewCell.swift */; };
		37BE79CF28A2787C00FA8E47 /* PosterCollectionViewCell.xib in Resources */ = {isa = PBXBuildFile; fileRef = 37BE79CD28A2787C00FA8E47 /* PosterCollectionViewCell.xib */; };
		37BF5BD828A3FD4C002D4C70 /* TMDBAPIManager.swift in Sources */ = {isa = PBXBuildFile; fileRef = 37BF5BD728A3FD4C002D4C70 /* TMDBAPIManager.swift */; };
		37C1EE6F28A6337C0055196A /* RecommendMovie.swift in Sources */ = {isa = PBXBuildFile; fileRef = 37C1EE6E28A6337C0055196A /* RecommendMovie.swift */; };
		37FD1D1328AB85D000CC5FCB /* File.swift in Sources */ = {isa = PBXBuildFile; fileRef = 37FD1D1228AB85D000CC5FCB /* File.swift */; };
		37FD1D4828AB913800CC5FCB /* SeSACTMDBFramework.framework in Frameworks */ = {isa = PBXBuildFile; fileRef = 37FD1D4428AB912900CC5FCB /* SeSACTMDBFramework.framework */; };
		37FD1D4928AB913800CC5FCB /* SeSACTMDBFramework.framework in Embed Frameworks */ = {isa = PBXBuildFile; fileRef = 37FD1D4428AB912900CC5FCB /* SeSACTMDBFramework.framework */; settings = {ATTRIBUTES = (CodeSignOnCopy, RemoveHeadersOnCopy, ); }; };
/* End PBXBuildFile section */

/* Begin PBXContainerItemProxy section */
		37FD1D4328AB912900CC5FCB /* PBXContainerItemProxy */ = {
			isa = PBXContainerItemProxy;
			containerPortal = 37FD1D3E28AB912900CC5FCB /* SeSACTMDBFramework.xcodeproj */;
			proxyType = 2;
			remoteGlobalIDString = 37FD1D1E28AB898300CC5FCB;
			remoteInfo = SeSACTMDBFramework;
		};
		37FD1D4528AB912900CC5FCB /* PBXContainerItemProxy */ = {
			isa = PBXContainerItemProxy;
			containerPortal = 37FD1D3E28AB912900CC5FCB /* SeSACTMDBFramework.xcodeproj */;
			proxyType = 2;
			remoteGlobalIDString = 37FD1D2828AB898300CC5FCB;
			remoteInfo = SeSACTMDBFrameworkTests;
		};
/* End PBXContainerItemProxy section */

/* Begin PBXCopyFilesBuildPhase section */
		37FD1D4A28AB913800CC5FCB /* Embed Frameworks */ = {
			isa = PBXCopyFilesBuildPhase;
			buildActionMask = 2147483647;
			dstPath = "";
			dstSubfolderSpec = 10;
			files = (
				37FD1D4928AB913800CC5FCB /* SeSACTMDBFramework.framework in Embed Frameworks */,
			);
			name = "Embed Frameworks";
			runOnlyForDeploymentPostprocessing = 0;
		};
/* End PBXCopyFilesBuildPhase section */

/* Begin PBXFileReference section */
		370B16F72899F6C20000CD58 /* SeSACTMDBProject.app */ = {isa = PBXFileReference; explicitFileType = wrapper.application; includeInIndex = 0; path = SeSACTMDBProject.app; sourceTree = BUILT_PRODUCTS_DIR; };
		370B16FA2899F6C20000CD58 /* AppDelegate.swift */ = {isa = PBXFileReference; lastKnownFileType = sourcecode.swift; path = AppDelegate.swift; sourceTree = "<group>"; };
		370B16FC2899F6C20000CD58 /* SceneDelegate.swift */ = {isa = PBXFileReference; lastKnownFileType = sourcecode.swift; path = SceneDelegate.swift; sourceTree = "<group>"; };
		370B16FE2899F6C20000CD58 /* ViewController.swift */ = {isa = PBXFileReference; lastKnownFileType = sourcecode.swift; path = ViewController.swift; sourceTree = "<group>"; };
		370B17012899F6C20000CD58 /* Base */ = {isa = PBXFileReference; lastKnownFileType = file.storyboard; name = Base; path = Base.lproj/Main.storyboard; sourceTree = "<group>"; };
		370B17032899F6C40000CD58 /* Assets.xcassets */ = {isa = PBXFileReference; lastKnownFileType = folder.assetcatalog; path = Assets.xcassets; sourceTree = "<group>"; };
		370B17062899F6C40000CD58 /* Base */ = {isa = PBXFileReference; lastKnownFileType = file.storyboard; name = Base; path = Base.lproj/LaunchScreen.storyboard; sourceTree = "<group>"; };
		370B17082899F6C40000CD58 /* Info.plist */ = {isa = PBXFileReference; lastKnownFileType = text.plist.xml; path = Info.plist; sourceTree = "<group>"; };
		370B170E2899F7D30000CD58 /* .gitignore */ = {isa = PBXFileReference; lastKnownFileType = text; path = .gitignore; sourceTree = "<group>"; };
		370B17102899F82D0000CD58 /* TMDBViewController.swift */ = {isa = PBXFileReference; lastKnownFileType = sourcecode.swift; path = TMDBViewController.swift; sourceTree = "<group>"; };
		370B171E2899FABD0000CD58 /* Example2.swift */ = {isa = PBXFileReference; lastKnownFileType = sourcecode.swift; path = Example2.swift; sourceTree = "<group>"; };
		372E048A28A0DBA300F4FDAD /* CastInfo.swift */ = {isa = PBXFileReference; lastKnownFileType = sourcecode.swift; path = CastInfo.swift; sourceTree = "<group>"; };
		372E048D28A105E600F4FDAD /* WebViewController.swift */ = {isa = PBXFileReference; lastKnownFileType = sourcecode.swift; path = WebViewController.swift; sourceTree = "<group>"; };
		372E049128A1061500F4FDAD /* WebView.storyboard */ = {isa = PBXFileReference; lastKnownFileType = file.storyboard; path = WebView.storyboard; sourceTree = "<group>"; };
		372E049428A1525F00F4FDAD /* ReusableProtocol.swift */ = {isa = PBXFileReference; lastKnownFileType = sourcecode.swift; path = ReusableProtocol.swift; sourceTree = "<group>"; };
		37426ADA28AE3B9C00E6F3D6 /* UIViewController+Extension.swift */ = {isa = PBXFileReference; lastKnownFileType = sourcecode.swift; path = "UIViewController+Extension.swift"; sourceTree = "<group>"; };
		37458A42289AB0DC00138072 /* APIKey.swift */ = {isa = PBXFileReference; lastKnownFileType = sourcecode.swift; path = APIKey.swift; sourceTree = "<group>"; };
		37458A44289AB0EF00138072 /* Constant.swift */ = {isa = PBXFileReference; lastKnownFileType = sourcecode.swift; path = Constant.swift; sourceTree = "<group>"; };
		37458A50289AB7B900138072 /* TMDBTableViewCell.swift */ = {isa = PBXFileReference; lastKnownFileType = sourcecode.swift; path = TMDBTableViewCell.swift; sourceTree = "<group>"; };
		37458A52289ACAED00138072 /* Movie.swift */ = {isa = PBXFileReference; lastKnownFileType = sourcecode.swift; path = Movie.swift; sourceTree = "<group>"; };
		3762D479289CFFEF002B9EF9 /* InformationTableViewCell.swift */ = {isa = PBXFileReference; lastKnownFileType = sourcecode.swift; path = InformationTableViewCell.swift; sourceTree = "<group>"; };
		3762D47A289CFFEF002B9EF9 /* InformationTableViewCell.xib */ = {isa = PBXFileReference; lastKnownFileType = file.xib; path = InformationTableViewCell.xib; sourceTree = "<group>"; };
		3767C39728ABBD40003561E8 /* WalkThrough.storyboard */ = {isa = PBXFileReference; lastKnownFileType = file.storyboard; path = WalkThrough.storyboard; sourceTree = "<group>"; };
		3767C39928ABC05F003561E8 /* WalkViewController.swift */ = {isa = PBXFileReference; lastKnownFileType = sourcecode.swift; path = WalkViewController.swift; sourceTree = "<group>"; };
		3767C39B28ABC071003561E8 /* FirstViewController.swift */ = {isa = PBXFileReference; lastKnownFileType = sourcecode.swift; path = FirstViewController.swift; sourceTree = "<group>"; };
		3767C39D28ABC07C003561E8 /* SecondViewController.swift */ = {isa = PBXFileReference; lastKnownFileType = sourcecode.swift; path = SecondViewController.swift; sourceTree = "<group>"; };
		3767C39F28ABC0A6003561E8 /* ThirdViewController.swift */ = {isa = PBXFileReference; lastKnownFileType = sourcecode.swift; path = ThirdViewController.swift; sourceTree = "<group>"; };
		37B422C1289BBDD90043FB05 /* InformationViewController.swift */ = {isa = PBXFileReference; lastKnownFileType = sourcecode.swift; path = InformationViewController.swift; sourceTree = "<group>"; };
		37B422C3289BBF040043FB05 /* Information.storyboard */ = {isa = PBXFileReference; lastKnownFileType = file.storyboard; path = Information.storyboard; sourceTree = "<group>"; };
		37BE79C428A26EE500FA8E47 /* PosterViewController.swift */ = {isa = PBXFileReference; lastKnownFileType = sourcecode.swift; path = PosterViewController.swift; sourceTree = "<group>"; };
		37BE79C628A26FC100FA8E47 /* PosterTableViewCell.swift */ = {isa = PBXFileReference; lastKnownFileType = sourcecode.swift; path = PosterTableViewCell.swift; sourceTree = "<group>"; };
		37BE79C828A274FF00FA8E47 /* PosterView.xib */ = {isa = PBXFileReference; lastKnownFileType = file.xib; path = PosterView.xib; sourceTree = "<group>"; };
		37BE79CA28A275C600FA8E47 /* PosterView.swift */ = {isa = PBXFileReference; lastKnownFileType = sourcecode.swift; path = PosterView.swift; sourceTree = "<group>"; };
		37BE79CC28A2787C00FA8E47 /* PosterCollectionViewCell.swift */ = {isa = PBXFileReference; lastKnownFileType = sourcecode.swift; path = PosterCollectionViewCell.swift; sourceTree = "<group>"; };
		37BE79CD28A2787C00FA8E47 /* PosterCollectionViewCell.xib */ = {isa = PBXFileReference; lastKnownFileType = file.xib; path = PosterCollectionViewCell.xib; sourceTree = "<group>"; };
		37BF5BD728A3FD4C002D4C70 /* TMDBAPIManager.swift */ = {isa = PBXFileReference; lastKnownFileType = sourcecode.swift; path = TMDBAPIManager.swift; sourceTree = "<group>"; };
		37C1EE6E28A6337C0055196A /* RecommendMovie.swift */ = {isa = PBXFileReference; lastKnownFileType = sourcecode.swift; path = RecommendMovie.swift; sourceTree = "<group>"; };
		37FD1D1228AB85D000CC5FCB /* File.swift */ = {isa = PBXFileReference; lastKnownFileType = sourcecode.swift; path = File.swift; sourceTree = "<group>"; };
		37FD1D3E28AB912900CC5FCB /* SeSACTMDBFramework.xcodeproj */ = {isa = PBXFileReference; lastKnownFileType = "wrapper.pb-project"; name = SeSACTMDBFramework.xcodeproj; path = ../SeSACTMDBFramework/SeSACTMDBFramework.xcodeproj; sourceTree = "<group>"; };
/* End PBXFileReference section */

/* Begin PBXFrameworksBuildPhase section */
		370B16F42899F6C20000CD58 /* Frameworks */ = {
			isa = PBXFrameworksBuildPhase;
			buildActionMask = 2147483647;
			files = (
				37FD1D4828AB913800CC5FCB /* SeSACTMDBFramework.framework in Frameworks */,
				37458A4F289AB4A500138072 /* Kingfisher in Frameworks */,
				37458A4C289AB47A00138072 /* SwiftyJSON in Frameworks */,
				37458A49289AB45E00138072 /* Alamofire in Frameworks */,
			);
			runOnlyForDeploymentPostprocessing = 0;
		};
/* End PBXFrameworksBuildPhase section */

/* Begin PBXGroup section */
		370B16EE2899F6C20000CD58 = {
			isa = PBXGroup;
			children = (
				37FD1D3E28AB912900CC5FCB /* SeSACTMDBFramework.xcodeproj */,
				370B170E2899F7D30000CD58 /* .gitignore */,
				370B16F92899F6C20000CD58 /* SeSACTMDBProject */,
				370B16F82899F6C20000CD58 /* Products */,
				37FD1D4728AB913800CC5FCB /* Frameworks */,
			);
			sourceTree = "<group>";
		};
		370B16F82899F6C20000CD58 /* Products */ = {
			isa = PBXGroup;
			children = (
				370B16F72899F6C20000CD58 /* SeSACTMDBProject.app */,
			);
			name = Products;
			sourceTree = "<group>";
		};
		370B16F92899F6C20000CD58 /* SeSACTMDBProject */ = {
			isa = PBXGroup;
			children = (
				37426AD728AE3B7100E6F3D6 /* Extension */,
				3767C39428ABBCF5003561E8 /* WalkThrough */,
				37BF5BD628A3FD30002D4C70 /* Network */,
				37BE79C128A26CC600FA8E47 /* View */,
				37B422C0289BBD940043FB05 /* Information */,
				372E049628A1545300F4FDAD /* TMDB */,
				372E048C28A105B200F4FDAD /* WebView */,
				372E048928A0DB5B00F4FDAD /* Struct */,
				37458A46289AB0FE00138072 /* Key */,
				372E049328A1523F00F4FDAD /* Protocol */,
				370B17082899F6C40000CD58 /* Info.plist */,
				370B16FA2899F6C20000CD58 /* AppDelegate.swift */,
				370B16FC2899F6C20000CD58 /* SceneDelegate.swift */,
				370B16FE2899F6C20000CD58 /* ViewController.swift */,
				370B17032899F6C40000CD58 /* Assets.xcassets */,
				370B17052899F6C40000CD58 /* LaunchScreen.storyboard */,
				370B171D2899FAAD0000CD58 /* Resource */,
				37FD1D1228AB85D000CC5FCB /* File.swift */,
			);
			path = SeSACTMDBProject;
			sourceTree = "<group>";
		};
		370B171D2899FAAD0000CD58 /* Resource */ = {
			isa = PBXGroup;
			children = (
				370B171E2899FABD0000CD58 /* Example2.swift */,
			);
			path = Resource;
			sourceTree = "<group>";
		};
		372E048928A0DB5B00F4FDAD /* Struct */ = {
			isa = PBXGroup;
			children = (
				372E048A28A0DBA300F4FDAD /* CastInfo.swift */,
				37458A52289ACAED00138072 /* Movie.swift */,
			);
			path = Struct;
			sourceTree = "<group>";
		};
		372E048C28A105B200F4FDAD /* WebView */ = {
			isa = PBXGroup;
			children = (
				372E049128A1061500F4FDAD /* WebView.storyboard */,
				372E048D28A105E600F4FDAD /* WebViewController.swift */,
			);
			path = WebView;
			sourceTree = "<group>";
		};
		372E049328A1523F00F4FDAD /* Protocol */ = {
			isa = PBXGroup;
			children = (
				372E049428A1525F00F4FDAD /* ReusableProtocol.swift */,
			);
			path = Protocol;
			sourceTree = "<group>";
		};
		372E049628A1545300F4FDAD /* TMDB */ = {
			isa = PBXGroup;
			children = (
				370B17002899F6C20000CD58 /* Main.storyboard */,
				37458A50289AB7B900138072 /* TMDBTableViewCell.swift */,
				370B17102899F82D0000CD58 /* TMDBViewController.swift */,
			);
			path = TMDB;
			sourceTree = "<group>";
		};
		37426AD728AE3B7100E6F3D6 /* Extension */ = {
			isa = PBXGroup;
			children = (
				37426ADA28AE3B9C00E6F3D6 /* UIViewController+Extension.swift */,
			);
			path = Extension;
			sourceTree = "<group>";
		};
		37458A46289AB0FE00138072 /* Key */ = {
			isa = PBXGroup;
			children = (
				37458A42289AB0DC00138072 /* APIKey.swift */,
				37458A44289AB0EF00138072 /* Constant.swift */,
			);
			path = Key;
			sourceTree = "<group>";
		};
		3767C39428ABBCF5003561E8 /* WalkThrough */ = {
			isa = PBXGroup;
			children = (
				3767C39728ABBD40003561E8 /* WalkThrough.storyboard */,
				3767C39928ABC05F003561E8 /* WalkViewController.swift */,
				3767C39B28ABC071003561E8 /* FirstViewController.swift */,
				3767C39D28ABC07C003561E8 /* SecondViewController.swift */,
				3767C39F28ABC0A6003561E8 /* ThirdViewController.swift */,
			);
			path = WalkThrough;
			sourceTree = "<group>";
		};
		37B422C0289BBD940043FB05 /* Information */ = {
			isa = PBXGroup;
			children = (
				37B422C3289BBF040043FB05 /* Information.storyboard */,
				3762D479289CFFEF002B9EF9 /* InformationTableViewCell.swift */,
				3762D47A289CFFEF002B9EF9 /* InformationTableViewCell.xib */,
				37B422C1289BBDD90043FB05 /* InformationViewController.swift */,
			);
			path = Information;
			sourceTree = "<group>";
		};
		37BE79C128A26CC600FA8E47 /* View */ = {
			isa = PBXGroup;
			children = (
				37BE79C428A26EE500FA8E47 /* PosterViewController.swift */,
				37BE79C628A26FC100FA8E47 /* PosterTableViewCell.swift */,
				37BE79C828A274FF00FA8E47 /* PosterView.xib */,
				37BE79CA28A275C600FA8E47 /* PosterView.swift */,
				37BE79CC28A2787C00FA8E47 /* PosterCollectionViewCell.swift */,
				37BE79CD28A2787C00FA8E47 /* PosterCollectionViewCell.xib */,
			);
			path = View;
			sourceTree = "<group>";
		};
		37BF5BD628A3FD30002D4C70 /* Network */ = {
			isa = PBXGroup;
			children = (
				37BF5BD728A3FD4C002D4C70 /* TMDBAPIManager.swift */,
				37C1EE6E28A6337C0055196A /* RecommendMovie.swift */,
			);
			path = Network;
			sourceTree = "<group>";
		};
		37FD1D3F28AB912900CC5FCB /* Products */ = {
			isa = PBXGroup;
			children = (
				37FD1D4428AB912900CC5FCB /* SeSACTMDBFramework.framework */,
				37FD1D4628AB912900CC5FCB /* SeSACTMDBFrameworkTests.xctest */,
			);
			name = Products;
			sourceTree = "<group>";
		};
		37FD1D4728AB913800CC5FCB /* Frameworks */ = {
			isa = PBXGroup;
			children = (
			);
			name = Frameworks;
			sourceTree = "<group>";
		};
/* End PBXGroup section */

/* Begin PBXNativeTarget section */
		370B16F62899F6C20000CD58 /* SeSACTMDBProject */ = {
			isa = PBXNativeTarget;
			buildConfigurationList = 370B170B2899F6C40000CD58 /* Build configuration list for PBXNativeTarget "SeSACTMDBProject" */;
			buildPhases = (
				370B16F32899F6C20000CD58 /* Sources */,
				370B16F42899F6C20000CD58 /* Frameworks */,
				370B16F52899F6C20000CD58 /* Resources */,
				37FD1D4A28AB913800CC5FCB /* Embed Frameworks */,
			);
			buildRules = (
			);
			dependencies = (
			);
			name = SeSACTMDBProject;
			packageProductDependencies = (
				37458A48289AB45E00138072 /* Alamofire */,
				37458A4B289AB47A00138072 /* SwiftyJSON */,
				37458A4E289AB4A500138072 /* Kingfisher */,
			);
			productName = SeSACTMDBProject;
			productReference = 370B16F72899F6C20000CD58 /* SeSACTMDBProject.app */;
			productType = "com.apple.product-type.application";
		};
/* End PBXNativeTarget section */

/* Begin PBXProject section */
		370B16EF2899F6C20000CD58 /* Project object */ = {
			isa = PBXProject;
			attributes = {
				BuildIndependentTargetsInParallel = 1;
				LastSwiftUpdateCheck = 1340;
				LastUpgradeCheck = 1340;
				TargetAttributes = {
					370B16F62899F6C20000CD58 = {
						CreatedOnToolsVersion = 13.4.1;
					};
				};
			};
			buildConfigurationList = 370B16F22899F6C20000CD58 /* Build configuration list for PBXProject "SeSACTMDBProject" */;
			compatibilityVersion = "Xcode 13.0";
			developmentRegion = en;
			hasScannedForEncodings = 0;
			knownRegions = (
				en,
				Base,
			);
			mainGroup = 370B16EE2899F6C20000CD58;
			packageReferences = (
				37458A47289AB45E00138072 /* XCRemoteSwiftPackageReference "Alamofire" */,
				37458A4A289AB47A00138072 /* XCRemoteSwiftPackageReference "SwiftyJSON" */,
				37458A4D289AB4A500138072 /* XCRemoteSwiftPackageReference "Kingfisher" */,
			);
			productRefGroup = 370B16F82899F6C20000CD58 /* Products */;
			projectDirPath = "";
			projectReferences = (
				{
					ProductGroup = 37FD1D3F28AB912900CC5FCB /* Products */;
					ProjectRef = 37FD1D3E28AB912900CC5FCB /* SeSACTMDBFramework.xcodeproj */;
				},
			);
			projectRoot = "";
			targets = (
				370B16F62899F6C20000CD58 /* SeSACTMDBProject */,
			);
		};
/* End PBXProject section */

/* Begin PBXReferenceProxy section */
		37FD1D4428AB912900CC5FCB /* SeSACTMDBFramework.framework */ = {
			isa = PBXReferenceProxy;
			fileType = wrapper.framework;
			path = SeSACTMDBFramework.framework;
			remoteRef = 37FD1D4328AB912900CC5FCB /* PBXContainerItemProxy */;
			sourceTree = BUILT_PRODUCTS_DIR;
		};
		37FD1D4628AB912900CC5FCB /* SeSACTMDBFrameworkTests.xctest */ = {
			isa = PBXReferenceProxy;
			fileType = wrapper.cfbundle;
			path = SeSACTMDBFrameworkTests.xctest;
			remoteRef = 37FD1D4528AB912900CC5FCB /* PBXContainerItemProxy */;
			sourceTree = BUILT_PRODUCTS_DIR;
		};
/* End PBXReferenceProxy section */

/* Begin PBXResourcesBuildPhase section */
		370B16F52899F6C20000CD58 /* Resources */ = {
			isa = PBXResourcesBuildPhase;
			buildActionMask = 2147483647;
			files = (
				370B170F2899F7D30000CD58 /* .gitignore in Resources */,
				370B17072899F6C40000CD58 /* LaunchScreen.storyboard in Resources */,
				3762D47C289CFFEF002B9EF9 /* InformationTableViewCell.xib in Resources */,
				372E049228A1061500F4FDAD /* WebView.storyboard in Resources */,
				37B422C4289BBF040043FB05 /* Information.storyboard in Resources */,
				370B17042899F6C40000CD58 /* Assets.xcassets in Resources */,
				370B17022899F6C20000CD58 /* Main.storyboard in Resources */,
				37BE79CF28A2787C00FA8E47 /* PosterCollectionViewCell.xib in Resources */,
				37BE79C928A274FF00FA8E47 /* PosterView.xib in Resources */,
				3767C39828ABBD40003561E8 /* WalkThrough.storyboard in Resources */,
			);
			runOnlyForDeploymentPostprocessing = 0;
		};
/* End PBXResourcesBuildPhase section */

/* Begin PBXSourcesBuildPhase section */
		370B16F32899F6C20000CD58 /* Sources */ = {
			isa = PBXSourcesBuildPhase;
			buildActionMask = 2147483647;
			files = (
				3767C39E28ABC07C003561E8 /* SecondViewController.swift in Sources */,
				37458A45289AB0EF00138072 /* Constant.swift in Sources */,
				3762D47B289CFFEF002B9EF9 /* InformationTableViewCell.swift in Sources */,
				370B16FF2899F6C20000CD58 /* ViewController.swift in Sources */,
				372E048B28A0DBA300F4FDAD /* CastInfo.swift in Sources */,
				37458A53289ACAEE00138072 /* Movie.swift in Sources */,
				370B16FB2899F6C20000CD58 /* AppDelegate.swift in Sources */,
				370B17112899F82D0000CD58 /* TMDBViewController.swift in Sources */,
				370B16FD2899F6C20000CD58 /* SceneDelegate.swift in Sources */,
				372E049528A1525F00F4FDAD /* ReusableProtocol.swift in Sources */,
				37C1EE6F28A6337C0055196A /* RecommendMovie.swift in Sources */,
				37BE79CE28A2787C00FA8E47 /* PosterCollectionViewCell.swift in Sources */,
				37BE79C528A26EE500FA8E47 /* PosterViewController.swift in Sources */,
				37BF5BD828A3FD4C002D4C70 /* TMDBAPIManager.swift in Sources */,
				37426ADB28AE3B9C00E6F3D6 /* UIViewController+Extension.swift in Sources */,
				37BE79C728A26FC100FA8E47 /* PosterTableViewCell.swift in Sources */,
				37458A43289AB0DC00138072 /* APIKey.swift in Sources */,
				370B171F2899FABD0000CD58 /* Example2.swift in Sources */,
				37FD1D1328AB85D000CC5FCB /* File.swift in Sources */,
				37B422C2289BBDD90043FB05 /* InformationViewController.swift in Sources */,
				372E048E28A105E600F4FDAD /* WebViewController.swift in Sources */,
				3767C39A28ABC05F003561E8 /* WalkViewController.swift in Sources */,
				37458A51289AB7B900138072 /* TMDBTableViewCell.swift in Sources */,
				3767C3A028ABC0A6003561E8 /* ThirdViewController.swift in Sources */,
				37BE79CB28A275C600FA8E47 /* PosterView.swift in Sources */,
				3767C39C28ABC071003561E8 /* FirstViewController.swift in Sources */,
			);
			runOnlyForDeploymentPostprocessing = 0;
		};
/* End PBXSourcesBuildPhase section */

/* Begin PBXVariantGroup section */
		370B17002899F6C20000CD58 /* Main.storyboard */ = {
			isa = PBXVariantGroup;
			children = (
				370B17012899F6C20000CD58 /* Base */,
			);
			name = Main.storyboard;
			sourceTree = "<group>";
		};
		370B17052899F6C40000CD58 /* LaunchScreen.storyboard */ = {
			isa = PBXVariantGroup;
			children = (
				370B17062899F6C40000CD58 /* Base */,
			);
			name = LaunchScreen.storyboard;
			sourceTree = "<group>";
		};
/* End PBXVariantGroup section */

/* Begin XCBuildConfiguration section */
		370B17092899F6C40000CD58 /* Debug */ = {
			isa = XCBuildConfiguration;
			buildSettings = {
				ALWAYS_SEARCH_USER_PATHS = NO;
				CLANG_ANALYZER_NONNULL = YES;
				CLANG_ANALYZER_NUMBER_OBJECT_CONVERSION = YES_AGGRESSIVE;
				CLANG_CXX_LANGUAGE_STANDARD = "gnu++17";
				CLANG_ENABLE_MODULES = YES;
				CLANG_ENABLE_OBJC_ARC = YES;
				CLANG_ENABLE_OBJC_WEAK = YES;
				CLANG_WARN_BLOCK_CAPTURE_AUTORELEASING = YES;
				CLANG_WARN_BOOL_CONVERSION = YES;
				CLANG_WARN_COMMA = YES;
				CLANG_WARN_CONSTANT_CONVERSION = YES;
				CLANG_WARN_DEPRECATED_OBJC_IMPLEMENTATIONS = YES;
				CLANG_WARN_DIRECT_OBJC_ISA_USAGE = YES_ERROR;
				CLANG_WARN_DOCUMENTATION_COMMENTS = YES;
				CLANG_WARN_EMPTY_BODY = YES;
				CLANG_WARN_ENUM_CONVERSION = YES;
				CLANG_WARN_INFINITE_RECURSION = YES;
				CLANG_WARN_INT_CONVERSION = YES;
				CLANG_WARN_NON_LITERAL_NULL_CONVERSION = YES;
				CLANG_WARN_OBJC_IMPLICIT_RETAIN_SELF = YES;
				CLANG_WARN_OBJC_LITERAL_CONVERSION = YES;
				CLANG_WARN_OBJC_ROOT_CLASS = YES_ERROR;
				CLANG_WARN_QUOTED_INCLUDE_IN_FRAMEWORK_HEADER = YES;
				CLANG_WARN_RANGE_LOOP_ANALYSIS = YES;
				CLANG_WARN_STRICT_PROTOTYPES = YES;
				CLANG_WARN_SUSPICIOUS_MOVE = YES;
				CLANG_WARN_UNGUARDED_AVAILABILITY = YES_AGGRESSIVE;
				CLANG_WARN_UNREACHABLE_CODE = YES;
				CLANG_WARN__DUPLICATE_METHOD_MATCH = YES;
				COPY_PHASE_STRIP = NO;
				DEBUG_INFORMATION_FORMAT = dwarf;
				ENABLE_STRICT_OBJC_MSGSEND = YES;
				ENABLE_TESTABILITY = YES;
				GCC_C_LANGUAGE_STANDARD = gnu11;
				GCC_DYNAMIC_NO_PIC = NO;
				GCC_NO_COMMON_BLOCKS = YES;
				GCC_OPTIMIZATION_LEVEL = 0;
				GCC_PREPROCESSOR_DEFINITIONS = (
					"DEBUG=1",
					"$(inherited)",
				);
				GCC_WARN_64_TO_32_BIT_CONVERSION = YES;
				GCC_WARN_ABOUT_RETURN_TYPE = YES_ERROR;
				GCC_WARN_UNDECLARED_SELECTOR = YES;
				GCC_WARN_UNINITIALIZED_AUTOS = YES_AGGRESSIVE;
				GCC_WARN_UNUSED_FUNCTION = YES;
				GCC_WARN_UNUSED_VARIABLE = YES;
				IPHONEOS_DEPLOYMENT_TARGET = 15.5;
				MTL_ENABLE_DEBUG_INFO = INCLUDE_SOURCE;
				MTL_FAST_MATH = YES;
				ONLY_ACTIVE_ARCH = YES;
				SDKROOT = iphoneos;
				SWIFT_ACTIVE_COMPILATION_CONDITIONS = DEBUG;
				SWIFT_OPTIMIZATION_LEVEL = "-Onone";
			};
			name = Debug;
		};
		370B170A2899F6C40000CD58 /* Release */ = {
			isa = XCBuildConfiguration;
			buildSettings = {
				ALWAYS_SEARCH_USER_PATHS = NO;
				CLANG_ANALYZER_NONNULL = YES;
				CLANG_ANALYZER_NUMBER_OBJECT_CONVERSION = YES_AGGRESSIVE;
				CLANG_CXX_LANGUAGE_STANDARD = "gnu++17";
				CLANG_ENABLE_MODULES = YES;
				CLANG_ENABLE_OBJC_ARC = YES;
				CLANG_ENABLE_OBJC_WEAK = YES;
				CLANG_WARN_BLOCK_CAPTURE_AUTORELEASING = YES;
				CLANG_WARN_BOOL_CONVERSION = YES;
				CLANG_WARN_COMMA = YES;
				CLANG_WARN_CONSTANT_CONVERSION = YES;
				CLANG_WARN_DEPRECATED_OBJC_IMPLEMENTATIONS = YES;
				CLANG_WARN_DIRECT_OBJC_ISA_USAGE = YES_ERROR;
				CLANG_WARN_DOCUMENTATION_COMMENTS = YES;
				CLANG_WARN_EMPTY_BODY = YES;
				CLANG_WARN_ENUM_CONVERSION = YES;
				CLANG_WARN_INFINITE_RECURSION = YES;
				CLANG_WARN_INT_CONVERSION = YES;
				CLANG_WARN_NON_LITERAL_NULL_CONVERSION = YES;
				CLANG_WARN_OBJC_IMPLICIT_RETAIN_SELF = YES;
				CLANG_WARN_OBJC_LITERAL_CONVERSION = YES;
				CLANG_WARN_OBJC_ROOT_CLASS = YES_ERROR;
				CLANG_WARN_QUOTED_INCLUDE_IN_FRAMEWORK_HEADER = YES;
				CLANG_WARN_RANGE_LOOP_ANALYSIS = YES;
				CLANG_WARN_STRICT_PROTOTYPES = YES;
				CLANG_WARN_SUSPICIOUS_MOVE = YES;
				CLANG_WARN_UNGUARDED_AVAILABILITY = YES_AGGRESSIVE;
				CLANG_WARN_UNREACHABLE_CODE = YES;
				CLANG_WARN__DUPLICATE_METHOD_MATCH = YES;
				COPY_PHASE_STRIP = NO;
				DEBUG_INFORMATION_FORMAT = "dwarf-with-dsym";
				ENABLE_NS_ASSERTIONS = NO;
				ENABLE_STRICT_OBJC_MSGSEND = YES;
				GCC_C_LANGUAGE_STANDARD = gnu11;
				GCC_NO_COMMON_BLOCKS = YES;
				GCC_WARN_64_TO_32_BIT_CONVERSION = YES;
				GCC_WARN_ABOUT_RETURN_TYPE = YES_ERROR;
				GCC_WARN_UNDECLARED_SELECTOR = YES;
				GCC_WARN_UNINITIALIZED_AUTOS = YES_AGGRESSIVE;
				GCC_WARN_UNUSED_FUNCTION = YES;
				GCC_WARN_UNUSED_VARIABLE = YES;
				IPHONEOS_DEPLOYMENT_TARGET = 15.5;
				MTL_ENABLE_DEBUG_INFO = NO;
				MTL_FAST_MATH = YES;
				SDKROOT = iphoneos;
				SWIFT_COMPILATION_MODE = wholemodule;
				SWIFT_OPTIMIZATION_LEVEL = "-O";
				VALIDATE_PRODUCT = YES;
			};
			name = Release;
		};
		370B170C2899F6C40000CD58 /* Debug */ = {
			isa = XCBuildConfiguration;
			buildSettings = {
				ASSETCATALOG_COMPILER_APPICON_NAME = AppIcon;
				ASSETCATALOG_COMPILER_GLOBAL_ACCENT_COLOR_NAME = AccentColor;
				CODE_SIGN_STYLE = Automatic;
				CURRENT_PROJECT_VERSION = 1;
				DEVELOPMENT_TEAM = B3PWYBKFUK;
				GENERATE_INFOPLIST_FILE = YES;
				INFOPLIST_FILE = SeSACTMDBProject/Info.plist;
				INFOPLIST_KEY_UIApplicationSupportsIndirectInputEvents = YES;
				INFOPLIST_KEY_UILaunchStoryboardName = LaunchScreen;
				INFOPLIST_KEY_UIMainStoryboardFile = WalkThrough;
				INFOPLIST_KEY_UISupportedInterfaceOrientations_iPad = "UIInterfaceOrientationPortrait UIInterfaceOrientationPortraitUpsideDown UIInterfaceOrientationLandscapeLeft UIInterfaceOrientationLandscapeRight";
				INFOPLIST_KEY_UISupportedInterfaceOrientations_iPhone = "UIInterfaceOrientationPortrait UIInterfaceOrientationLandscapeLeft UIInterfaceOrientationLandscapeRight";
				LD_RUNPATH_SEARCH_PATHS = (
					"$(inherited)",
					"@executable_path/Frameworks",
				);
				MARKETING_VERSION = 1.0;
				PRODUCT_BUNDLE_IDENTIFIER = com.joobang.SeSACTMDBProject;
				PRODUCT_NAME = "$(TARGET_NAME)";
				SWIFT_EMIT_LOC_STRINGS = YES;
				SWIFT_VERSION = 5.0;
				TARGETED_DEVICE_FAMILY = 1;
			};
			name = Debug;
		};
		370B170D2899F6C40000CD58 /* Release */ = {
			isa = XCBuildConfiguration;
			buildSettings = {
				ASSETCATALOG_COMPILER_APPICON_NAME = AppIcon;
				ASSETCATALOG_COMPILER_GLOBAL_ACCENT_COLOR_NAME = AccentColor;
				CODE_SIGN_STYLE = Automatic;
				CURRENT_PROJECT_VERSION = 1;
				DEVELOPMENT_TEAM = B3PWYBKFUK;
				GENERATE_INFOPLIST_FILE = YES;
				INFOPLIST_FILE = SeSACTMDBProject/Info.plist;
				INFOPLIST_KEY_UIApplicationSupportsIndirectInputEvents = YES;
				INFOPLIST_KEY_UILaunchStoryboardName = LaunchScreen;
				INFOPLIST_KEY_UIMainStoryboardFile = WalkThrough;
				INFOPLIST_KEY_UISupportedInterfaceOrientations_iPad = "UIInterfaceOrientationPortrait UIInterfaceOrientationPortraitUpsideDown UIInterfaceOrientationLandscapeLeft UIInterfaceOrientationLandscapeRight";
				INFOPLIST_KEY_UISupportedInterfaceOrientations_iPhone = "UIInterfaceOrientationPortrait UIInterfaceOrientationLandscapeLeft UIInterfaceOrientationLandscapeRight";
				LD_RUNPATH_SEARCH_PATHS = (
					"$(inherited)",
					"@executable_path/Frameworks",
				);
				MARKETING_VERSION = 1.0;
				PRODUCT_BUNDLE_IDENTIFIER = com.joobang.SeSACTMDBProject;
				PRODUCT_NAME = "$(TARGET_NAME)";
				SWIFT_EMIT_LOC_STRINGS = YES;
				SWIFT_VERSION = 5.0;
				TARGETED_DEVICE_FAMILY = 1;
			};
			name = Release;
		};
/* End XCBuildConfiguration section */

/* Begin XCConfigurationList section */
		370B16F22899F6C20000CD58 /* Build configuration list for PBXProject "SeSACTMDBProject" */ = {
			isa = XCConfigurationList;
			buildConfigurations = (
				370B17092899F6C40000CD58 /* Debug */,
				370B170A2899F6C40000CD58 /* Release */,
			);
			defaultConfigurationIsVisible = 0;
			defaultConfigurationName = Release;
		};
		370B170B2899F6C40000CD58 /* Build configuration list for PBXNativeTarget "SeSACTMDBProject" */ = {
			isa = XCConfigurationList;
			buildConfigurations = (
				370B170C2899F6C40000CD58 /* Debug */,
				370B170D2899F6C40000CD58 /* Release */,
			);
			defaultConfigurationIsVisible = 0;
			defaultConfigurationName = Release;
		};
/* End XCConfigurationList section */

/* Begin XCRemoteSwiftPackageReference section */
		37458A47289AB45E00138072 /* XCRemoteSwiftPackageReference "Alamofire" */ = {
			isa = XCRemoteSwiftPackageReference;
			repositoryURL = "https://github.com/Alamofire/Alamofire.git";
			requirement = {
				kind = upToNextMajorVersion;
				minimumVersion = 5.0.0;
			};
		};
		37458A4A289AB47A00138072 /* XCRemoteSwiftPackageReference "SwiftyJSON" */ = {
			isa = XCRemoteSwiftPackageReference;
			repositoryURL = "https://github.com/SwiftyJSON/SwiftyJSON.git";
			requirement = {
				kind = upToNextMajorVersion;
				minimumVersion = 5.0.0;
			};
		};
		37458A4D289AB4A500138072 /* XCRemoteSwiftPackageReference "Kingfisher" */ = {
			isa = XCRemoteSwiftPackageReference;
			repositoryURL = "https://github.com/onevcat/Kingfisher.git";
			requirement = {
				kind = upToNextMajorVersion;
				minimumVersion = 7.0.0;
			};
		};
/* End XCRemoteSwiftPackageReference section */

/* Begin XCSwiftPackageProductDependency section */
		37458A48289AB45E00138072 /* Alamofire */ = {
			isa = XCSwiftPackageProductDependency;
			package = 37458A47289AB45E00138072 /* XCRemoteSwiftPackageReference "Alamofire" */;
			productName = Alamofire;
		};
		37458A4B289AB47A00138072 /* SwiftyJSON */ = {
			isa = XCSwiftPackageProductDependency;
			package = 37458A4A289AB47A00138072 /* XCRemoteSwiftPackageReference "SwiftyJSON" */;
			productName = SwiftyJSON;
		};
		37458A4E289AB4A500138072 /* Kingfisher */ = {
			isa = XCSwiftPackageProductDependency;
			package = 37458A4D289AB4A500138072 /* XCRemoteSwiftPackageReference "Kingfisher" */;
			productName = Kingfisher;
		};
/* End XCSwiftPackageProductDependency section */
	};
	rootObject = 370B16EF2899F6C20000CD58 /* Project object */;
}
