// !$*UTF8*$!
{
	archiveVersion = 1;
	classes = {
	};
	objectVersion = 55;
	objects = {

/* Begin PBXBuildFile section */
		370DBDD7287D21110098D8F0 /* enumViewController.swift in Sources */ = {isa = PBXBuildFile; fileRef = 370DBDD6287D21110098D8F0 /* enumViewController.swift */; };
		375A4A9D287FAEDD006E8418 /* SideMenu in Frameworks */ = {isa = PBXBuildFile; productRef = 375A4A9C287FAEDD006E8418 /* SideMenu */; };
		375A4AA1287FAF55006E8418 /* FSCalendar in Frameworks */ = {isa = PBXBuildFile; productRef = 375A4AA0287FAF55006E8418 /* FSCalendar */; };
		375A4AA4287FAFA6006E8418 /* TextFieldEffects in Frameworks */ = {isa = PBXBuildFile; productRef = 375A4AA3287FAFA6006E8418 /* TextFieldEffects */; };
		378D15DE287CFD1500677924 /* TestViewController.swift in Sources */ = {isa = PBXBuildFile; fileRef = 378D15DD287CFD1500677924 /* TestViewController.swift */; };
		37962207287BA6E9001DAEE8 /* AppDelegate.swift in Sources */ = {isa = PBXBuildFile; fileRef = 37962206287BA6E9001DAEE8 /* AppDelegate.swift */; };
		37962209287BA6E9001DAEE8 /* SceneDelegate.swift in Sources */ = {isa = PBXBuildFile; fileRef = 37962208287BA6E9001DAEE8 /* SceneDelegate.swift */; };
		3796220B287BA6E9001DAEE8 /* ViewController.swift in Sources */ = {isa = PBXBuildFile; fileRef = 3796220A287BA6E9001DAEE8 /* ViewController.swift */; };
		3796220E287BA6E9001DAEE8 /* Main.storyboard in Resources */ = {isa = PBXBuildFile; fileRef = 3796220C287BA6E9001DAEE8 /* Main.storyboard */; };
		37962210287BA6EA001DAEE8 /* Assets.xcassets in Resources */ = {isa = PBXBuildFile; fileRef = 3796220F287BA6EA001DAEE8 /* Assets.xcassets */; };
		37962213287BA6EA001DAEE8 /* LaunchScreen.storyboard in Resources */ = {isa = PBXBuildFile; fileRef = 37962211287BA6EA001DAEE8 /* LaunchScreen.storyboard */; };
		37967436287FB5AC0017D00E /* Setting.storyboard in Resources */ = {isa = PBXBuildFile; fileRef = 37967435287FB5AC0017D00E /* Setting.storyboard */; };
		37967438287FB5B80017D00E /* Search.storyboard in Resources */ = {isa = PBXBuildFile; fileRef = 37967437287FB5B80017D00E /* Search.storyboard */; };
		37EEB702287FBE4B00468B89 /* IQKeyboardManagerSwift in Frameworks */ = {isa = PBXBuildFile; productRef = 37EEB701287FBE4B00468B89 /* IQKeyboardManagerSwift */; };
		37EEB704287FC2C200468B89 /* DateFommaterViewController.swift in Sources */ = {isa = PBXBuildFile; fileRef = 37EEB703287FC2C200468B89 /* DateFommaterViewController.swift */; };
/* End PBXBuildFile section */

/* Begin PBXFileReference section */
		370DBDD6287D21110098D8F0 /* enumViewController.swift */ = {isa = PBXFileReference; lastKnownFileType = sourcecode.swift; path = enumViewController.swift; sourceTree = "<group>"; };
		378D15DD287CFD1500677924 /* TestViewController.swift */ = {isa = PBXFileReference; lastKnownFileType = sourcecode.swift; path = TestViewController.swift; sourceTree = "<group>"; };
		37962203287BA6E9001DAEE8 /* SeSac2Week.app */ = {isa = PBXFileReference; explicitFileType = wrapper.application; includeInIndex = 0; path = SeSac2Week.app; sourceTree = BUILT_PRODUCTS_DIR; };
		37962206287BA6E9001DAEE8 /* AppDelegate.swift */ = {isa = PBXFileReference; lastKnownFileType = sourcecode.swift; path = AppDelegate.swift; sourceTree = "<group>"; };
		37962208287BA6E9001DAEE8 /* SceneDelegate.swift */ = {isa = PBXFileReference; lastKnownFileType = sourcecode.swift; path = SceneDelegate.swift; sourceTree = "<group>"; };
		3796220A287BA6E9001DAEE8 /* ViewController.swift */ = {isa = PBXFileReference; lastKnownFileType = sourcecode.swift; path = ViewController.swift; sourceTree = "<group>"; };
		3796220D287BA6E9001DAEE8 /* Base */ = {isa = PBXFileReference; lastKnownFileType = file.storyboard; name = Base; path = Base.lproj/Main.storyboard; sourceTree = "<group>"; };
		3796220F287BA6EA001DAEE8 /* Assets.xcassets */ = {isa = PBXFileReference; lastKnownFileType = folder.assetcatalog; path = Assets.xcassets; sourceTree = "<group>"; };
		37962212287BA6EA001DAEE8 /* Base */ = {isa = PBXFileReference; lastKnownFileType = file.storyboard; name = Base; path = Base.lproj/LaunchScreen.storyboard; sourceTree = "<group>"; };
		37962214287BA6EA001DAEE8 /* Info.plist */ = {isa = PBXFileReference; lastKnownFileType = text.plist.xml; path = Info.plist; sourceTree = "<group>"; };
		37967435287FB5AC0017D00E /* Setting.storyboard */ = {isa = PBXFileReference; lastKnownFileType = file.storyboard; path = Setting.storyboard; sourceTree = "<group>"; };
		37967437287FB5B80017D00E /* Search.storyboard */ = {isa = PBXFileReference; lastKnownFileType = file.storyboard; path = Search.storyboard; sourceTree = "<group>"; };
		37EEB703287FC2C200468B89 /* DateFommaterViewController.swift */ = {isa = PBXFileReference; lastKnownFileType = sourcecode.swift; path = DateFommaterViewController.swift; sourceTree = "<group>"; };
/* End PBXFileReference section */

/* Begin PBXFrameworksBuildPhase section */
		37962200287BA6E9001DAEE8 /* Frameworks */ = {
			isa = PBXFrameworksBuildPhase;
			buildActionMask = 2147483647;
			files = (
				375A4AA4287FAFA6006E8418 /* TextFieldEffects in Frameworks */,
				37EEB702287FBE4B00468B89 /* IQKeyboardManagerSwift in Frameworks */,
				375A4A9D287FAEDD006E8418 /* SideMenu in Frameworks */,
				375A4AA1287FAF55006E8418 /* FSCalendar in Frameworks */,
			);
			runOnlyForDeploymentPostprocessing = 0;
		};
/* End PBXFrameworksBuildPhase section */

/* Begin PBXGroup section */
		379621FA287BA6E9001DAEE8 = {
			isa = PBXGroup;
			children = (
				37962205287BA6E9001DAEE8 /* SeSac2Week */,
				37962204287BA6E9001DAEE8 /* Products */,
			);
			sourceTree = "<group>";
		};
		37962204287BA6E9001DAEE8 /* Products */ = {
			isa = PBXGroup;
			children = (
				37962203287BA6E9001DAEE8 /* SeSac2Week.app */,
			);
			name = Products;
			sourceTree = "<group>";
		};
		37962205287BA6E9001DAEE8 /* SeSac2Week */ = {
			isa = PBXGroup;
			children = (
				37962206287BA6E9001DAEE8 /* AppDelegate.swift */,
				37962208287BA6E9001DAEE8 /* SceneDelegate.swift */,
				3796220A287BA6E9001DAEE8 /* ViewController.swift */,
				378D15DD287CFD1500677924 /* TestViewController.swift */,
				370DBDD6287D21110098D8F0 /* enumViewController.swift */,
				3796220C287BA6E9001DAEE8 /* Main.storyboard */,
				37967435287FB5AC0017D00E /* Setting.storyboard */,
				37EEB703287FC2C200468B89 /* DateFommaterViewController.swift */,
				37967437287FB5B80017D00E /* Search.storyboard */,
				3796220F287BA6EA001DAEE8 /* Assets.xcassets */,
				37962211287BA6EA001DAEE8 /* LaunchScreen.storyboard */,
				37962214287BA6EA001DAEE8 /* Info.plist */,
			);
			path = SeSac2Week;
			sourceTree = "<group>";
		};
/* End PBXGroup section */

/* Begin PBXNativeTarget section */
		37962202287BA6E9001DAEE8 /* SeSac2Week */ = {
			isa = PBXNativeTarget;
			buildConfigurationList = 37962217287BA6EA001DAEE8 /* Build configuration list for PBXNativeTarget "SeSac2Week" */;
			buildPhases = (
				379621FF287BA6E9001DAEE8 /* Sources */,
				37962200287BA6E9001DAEE8 /* Frameworks */,
				37962201287BA6E9001DAEE8 /* Resources */,
			);
			buildRules = (
			);
			dependencies = (
			);
			name = SeSac2Week;
			packageProductDependencies = (
				375A4A9C287FAEDD006E8418 /* SideMenu */,
				375A4AA0287FAF55006E8418 /* FSCalendar */,
				375A4AA3287FAFA6006E8418 /* TextFieldEffects */,
				37EEB701287FBE4B00468B89 /* IQKeyboardManagerSwift */,
			);
			productName = SeSac2Week;
			productReference = 37962203287BA6E9001DAEE8 /* SeSac2Week.app */;
			productType = "com.apple.product-type.application";
		};
/* End PBXNativeTarget section */

/* Begin PBXProject section */
		379621FB287BA6E9001DAEE8 /* Project object */ = {
			isa = PBXProject;
			attributes = {
				BuildIndependentTargetsInParallel = 1;
				LastSwiftUpdateCheck = 1340;
				LastUpgradeCheck = 1340;
				TargetAttributes = {
					37962202287BA6E9001DAEE8 = {
						CreatedOnToolsVersion = 13.4.1;
					};
				};
			};
			buildConfigurationList = 379621FE287BA6E9001DAEE8 /* Build configuration list for PBXProject "SeSac2Week" */;
			compatibilityVersion = "Xcode 13.0";
			developmentRegion = en;
			hasScannedForEncodings = 0;
			knownRegions = (
				en,
				Base,
			);
			mainGroup = 379621FA287BA6E9001DAEE8;
			packageReferences = (
				375A4A9B287FAEDC006E8418 /* XCRemoteSwiftPackageReference "SideMenu" */,
				375A4A9F287FAF55006E8418 /* XCRemoteSwiftPackageReference "FSCalendar" */,
				375A4AA2287FAFA6006E8418 /* XCRemoteSwiftPackageReference "TextFieldEffects" */,
				37EEB700287FBE4B00468B89 /* XCRemoteSwiftPackageReference "IQKeyboardManager" */,
			);
			productRefGroup = 37962204287BA6E9001DAEE8 /* Products */;
			projectDirPath = "";
			projectRoot = "";
			targets = (
				37962202287BA6E9001DAEE8 /* SeSac2Week */,
			);
		};
/* End PBXProject section */

/* Begin PBXResourcesBuildPhase section */
		37962201287BA6E9001DAEE8 /* Resources */ = {
			isa = PBXResourcesBuildPhase;
			buildActionMask = 2147483647;
			files = (
				37962213287BA6EA001DAEE8 /* LaunchScreen.storyboard in Resources */,
				37962210287BA6EA001DAEE8 /* Assets.xcassets in Resources */,
				3796220E287BA6E9001DAEE8 /* Main.storyboard in Resources */,
				37967436287FB5AC0017D00E /* Setting.storyboard in Resources */,
				37967438287FB5B80017D00E /* Search.storyboard in Resources */,
			);
			runOnlyForDeploymentPostprocessing = 0;
		};
/* End PBXResourcesBuildPhase section */

/* Begin PBXSourcesBuildPhase section */
		379621FF287BA6E9001DAEE8 /* Sources */ = {
			isa = PBXSourcesBuildPhase;
			buildActionMask = 2147483647;
			files = (
				3796220B287BA6E9001DAEE8 /* ViewController.swift in Sources */,
				37962207287BA6E9001DAEE8 /* AppDelegate.swift in Sources */,
				37EEB704287FC2C200468B89 /* DateFommaterViewController.swift in Sources */,
				378D15DE287CFD1500677924 /* TestViewController.swift in Sources */,
				37962209287BA6E9001DAEE8 /* SceneDelegate.swift in Sources */,
				370DBDD7287D21110098D8F0 /* enumViewController.swift in Sources */,
			);
			runOnlyForDeploymentPostprocessing = 0;
		};
/* End PBXSourcesBuildPhase section */

/* Begin PBXVariantGroup section */
		3796220C287BA6E9001DAEE8 /* Main.storyboard */ = {
			isa = PBXVariantGroup;
			children = (
				3796220D287BA6E9001DAEE8 /* Base */,
			);
			name = Main.storyboard;
			sourceTree = "<group>";
		};
		37962211287BA6EA001DAEE8 /* LaunchScreen.storyboard */ = {
			isa = PBXVariantGroup;
			children = (
				37962212287BA6EA001DAEE8 /* Base */,
			);
			name = LaunchScreen.storyboard;
			sourceTree = "<group>";
		};
/* End PBXVariantGroup section */

/* Begin XCBuildConfiguration section */
		37962215287BA6EA001DAEE8 /* Debug */ = {
			isa = XCBuildConfiguration;
			buildSettings = {
				ALWAYS_SEARCH_USER_PATHS = NO;
				CLANG_ANALYZER_NONNULL = YES;
				CLANG_ANALYZER_NUMBER_OBJECT_CONVERSION = YES_AGGRESSIVE;
				CLANG_CXX_LANGUAGE_STANDARD = "gnu++17";
				CLANG_ENABLE_MODULES = YES;
				CLANG_ENABLE_OBJC_ARC = YES;
				CLANG_ENABLE_OBJC_WEAK = YES;
				CLANG_WARN_BLOCK_CAPTURE_AUTORELEASING = YES;
				CLANG_WARN_BOOL_CONVERSION = YES;
				CLANG_WARN_COMMA = YES;
				CLANG_WARN_CONSTANT_CONVERSION = YES;
				CLANG_WARN_DEPRECATED_OBJC_IMPLEMENTATIONS = YES;
				CLANG_WARN_DIRECT_OBJC_ISA_USAGE = YES_ERROR;
				CLANG_WARN_DOCUMENTATION_COMMENTS = YES;
				CLANG_WARN_EMPTY_BODY = YES;
				CLANG_WARN_ENUM_CONVERSION = YES;
				CLANG_WARN_INFINITE_RECURSION = YES;
				CLANG_WARN_INT_CONVERSION = YES;
				CLANG_WARN_NON_LITERAL_NULL_CONVERSION = YES;
				CLANG_WARN_OBJC_IMPLICIT_RETAIN_SELF = YES;
				CLANG_WARN_OBJC_LITERAL_CONVERSION = YES;
				CLANG_WARN_OBJC_ROOT_CLASS = YES_ERROR;
				CLANG_WARN_QUOTED_INCLUDE_IN_FRAMEWORK_HEADER = YES;
				CLANG_WARN_RANGE_LOOP_ANALYSIS = YES;
				CLANG_WARN_STRICT_PROTOTYPES = YES;
				CLANG_WARN_SUSPICIOUS_MOVE = YES;
				CLANG_WARN_UNGUARDED_AVAILABILITY = YES_AGGRESSIVE;
				CLANG_WARN_UNREACHABLE_CODE = YES;
				CLANG_WARN__DUPLICATE_METHOD_MATCH = YES;
				COPY_PHASE_STRIP = NO;
				DEBUG_INFORMATION_FORMAT = dwarf;
				ENABLE_STRICT_OBJC_MSGSEND = YES;
				ENABLE_TESTABILITY = YES;
				GCC_C_LANGUAGE_STANDARD = gnu11;
				GCC_DYNAMIC_NO_PIC = NO;
				GCC_NO_COMMON_BLOCKS = YES;
				GCC_OPTIMIZATION_LEVEL = 0;
				GCC_PREPROCESSOR_DEFINITIONS = (
					"DEBUG=1",
					"$(inherited)",
				);
				GCC_WARN_64_TO_32_BIT_CONVERSION = YES;
				GCC_WARN_ABOUT_RETURN_TYPE = YES_ERROR;
				GCC_WARN_UNDECLARED_SELECTOR = YES;
				GCC_WARN_UNINITIALIZED_AUTOS = YES_AGGRESSIVE;
				GCC_WARN_UNUSED_FUNCTION = YES;
				GCC_WARN_UNUSED_VARIABLE = YES;
				IPHONEOS_DEPLOYMENT_TARGET = 15.5;
				MTL_ENABLE_DEBUG_INFO = INCLUDE_SOURCE;
				MTL_FAST_MATH = YES;
				ONLY_ACTIVE_ARCH = YES;
				SDKROOT = iphoneos;
				SWIFT_ACTIVE_COMPILATION_CONDITIONS = DEBUG;
				SWIFT_OPTIMIZATION_LEVEL = "-Onone";
			};
			name = Debug;
		};
		37962216287BA6EA001DAEE8 /* Release */ = {
			isa = XCBuildConfiguration;
			buildSettings = {
				ALWAYS_SEARCH_USER_PATHS = NO;
				CLANG_ANALYZER_NONNULL = YES;
				CLANG_ANALYZER_NUMBER_OBJECT_CONVERSION = YES_AGGRESSIVE;
				CLANG_CXX_LANGUAGE_STANDARD = "gnu++17";
				CLANG_ENABLE_MODULES = YES;
				CLANG_ENABLE_OBJC_ARC = YES;
				CLANG_ENABLE_OBJC_WEAK = YES;
				CLANG_WARN_BLOCK_CAPTURE_AUTORELEASING = YES;
				CLANG_WARN_BOOL_CONVERSION = YES;
				CLANG_WARN_COMMA = YES;
				CLANG_WARN_CONSTANT_CONVERSION = YES;
				CLANG_WARN_DEPRECATED_OBJC_IMPLEMENTATIONS = YES;
				CLANG_WARN_DIRECT_OBJC_ISA_USAGE = YES_ERROR;
				CLANG_WARN_DOCUMENTATION_COMMENTS = YES;
				CLANG_WARN_EMPTY_BODY = YES;
				CLANG_WARN_ENUM_CONVERSION = YES;
				CLANG_WARN_INFINITE_RECURSION = YES;
				CLANG_WARN_INT_CONVERSION = YES;
				CLANG_WARN_NON_LITERAL_NULL_CONVERSION = YES;
				CLANG_WARN_OBJC_IMPLICIT_RETAIN_SELF = YES;
				CLANG_WARN_OBJC_LITERAL_CONVERSION = YES;
				CLANG_WARN_OBJC_ROOT_CLASS = YES_ERROR;
				CLANG_WARN_QUOTED_INCLUDE_IN_FRAMEWORK_HEADER = YES;
				CLANG_WARN_RANGE_LOOP_ANALYSIS = YES;
				CLANG_WARN_STRICT_PROTOTYPES = YES;
				CLANG_WARN_SUSPICIOUS_MOVE = YES;
				CLANG_WARN_UNGUARDED_AVAILABILITY = YES_AGGRESSIVE;
				CLANG_WARN_UNREACHABLE_CODE = YES;
				CLANG_WARN__DUPLICATE_METHOD_MATCH = YES;
				COPY_PHASE_STRIP = NO;
				DEBUG_INFORMATION_FORMAT = "dwarf-with-dsym";
				ENABLE_NS_ASSERTIONS = NO;
				ENABLE_STRICT_OBJC_MSGSEND = YES;
				GCC_C_LANGUAGE_STANDARD = gnu11;
				GCC_NO_COMMON_BLOCKS = YES;
				GCC_WARN_64_TO_32_BIT_CONVERSION = YES;
				GCC_WARN_ABOUT_RETURN_TYPE = YES_ERROR;
				GCC_WARN_UNDECLARED_SELECTOR = YES;
				GCC_WARN_UNINITIALIZED_AUTOS = YES_AGGRESSIVE;
				GCC_WARN_UNUSED_FUNCTION = YES;
				GCC_WARN_UNUSED_VARIABLE = YES;
				IPHONEOS_DEPLOYMENT_TARGET = 15.5;
				MTL_ENABLE_DEBUG_INFO = NO;
				MTL_FAST_MATH = YES;
				SDKROOT = iphoneos;
				SWIFT_COMPILATION_MODE = wholemodule;
				SWIFT_OPTIMIZATION_LEVEL = "-O";
				VALIDATE_PRODUCT = YES;
			};
			name = Release;
		};
		37962218287BA6EA001DAEE8 /* Debug */ = {
			isa = XCBuildConfiguration;
			buildSettings = {
				ASSETCATALOG_COMPILER_APPICON_NAME = AppIcon;
				ASSETCATALOG_COMPILER_GLOBAL_ACCENT_COLOR_NAME = AccentColor;
				CODE_SIGN_STYLE = Automatic;
				CURRENT_PROJECT_VERSION = 1;
				DEVELOPMENT_TEAM = B3PWYBKFUK;
				GENERATE_INFOPLIST_FILE = YES;
				INFOPLIST_FILE = SeSac2Week/Info.plist;
				INFOPLIST_KEY_UIApplicationSupportsIndirectInputEvents = YES;
				INFOPLIST_KEY_UILaunchStoryboardName = LaunchScreen;
				INFOPLIST_KEY_UIMainStoryboardFile = Setting;
				INFOPLIST_KEY_UISupportedInterfaceOrientations_iPad = "UIInterfaceOrientationPortrait UIInterfaceOrientationPortraitUpsideDown UIInterfaceOrientationLandscapeLeft UIInterfaceOrientationLandscapeRight";
				INFOPLIST_KEY_UISupportedInterfaceOrientations_iPhone = "UIInterfaceOrientationPortrait UIInterfaceOrientationLandscapeLeft UIInterfaceOrientationLandscapeRight";
				IPHONEOS_DEPLOYMENT_TARGET = 13.0;
				LD_RUNPATH_SEARCH_PATHS = (
					"$(inherited)",
					"@executable_path/Frameworks",
				);
				MARKETING_VERSION = 1.0;
				PRODUCT_BUNDLE_IDENTIFIER = com.joobang.SeSac2Week;
				PRODUCT_NAME = "$(TARGET_NAME)";
				SWIFT_EMIT_LOC_STRINGS = YES;
				SWIFT_VERSION = 5.0;
				TARGETED_DEVICE_FAMILY = 1;
			};
			name = Debug;
		};
		37962219287BA6EA001DAEE8 /* Release */ = {
			isa = XCBuildConfiguration;
			buildSettings = {
				ASSETCATALOG_COMPILER_APPICON_NAME = AppIcon;
				ASSETCATALOG_COMPILER_GLOBAL_ACCENT_COLOR_NAME = AccentColor;
				CODE_SIGN_STYLE = Automatic;
				CURRENT_PROJECT_VERSION = 1;
				DEVELOPMENT_TEAM = B3PWYBKFUK;
				GENERATE_INFOPLIST_FILE = YES;
				INFOPLIST_FILE = SeSac2Week/Info.plist;
				INFOPLIST_KEY_UIApplicationSupportsIndirectInputEvents = YES;
				INFOPLIST_KEY_UILaunchStoryboardName = LaunchScreen;
				INFOPLIST_KEY_UIMainStoryboardFile = Setting;
				INFOPLIST_KEY_UISupportedInterfaceOrientations_iPad = "UIInterfaceOrientationPortrait UIInterfaceOrientationPortraitUpsideDown UIInterfaceOrientationLandscapeLeft UIInterfaceOrientationLandscapeRight";
				INFOPLIST_KEY_UISupportedInterfaceOrientations_iPhone = "UIInterfaceOrientationPortrait UIInterfaceOrientationLandscapeLeft UIInterfaceOrientationLandscapeRight";
				IPHONEOS_DEPLOYMENT_TARGET = 13.0;
				LD_RUNPATH_SEARCH_PATHS = (
					"$(inherited)",
					"@executable_path/Frameworks",
				);
				MARKETING_VERSION = 1.0;
				PRODUCT_BUNDLE_IDENTIFIER = com.joobang.SeSac2Week;
				PRODUCT_NAME = "$(TARGET_NAME)";
				SWIFT_EMIT_LOC_STRINGS = YES;
				SWIFT_VERSION = 5.0;
				TARGETED_DEVICE_FAMILY = 1;
			};
			name = Release;
		};
/* End XCBuildConfiguration section */

/* Begin XCConfigurationList section */
		379621FE287BA6E9001DAEE8 /* Build configuration list for PBXProject "SeSac2Week" */ = {
			isa = XCConfigurationList;
			buildConfigurations = (
				37962215287BA6EA001DAEE8 /* Debug */,
				37962216287BA6EA001DAEE8 /* Release */,
			);
			defaultConfigurationIsVisible = 0;
			defaultConfigurationName = Release;
		};
		37962217287BA6EA001DAEE8 /* Build configuration list for PBXNativeTarget "SeSac2Week" */ = {
			isa = XCConfigurationList;
			buildConfigurations = (
				37962218287BA6EA001DAEE8 /* Debug */,
				37962219287BA6EA001DAEE8 /* Release */,
			);
			defaultConfigurationIsVisible = 0;
			defaultConfigurationName = Release;
		};
/* End XCConfigurationList section */

/* Begin XCRemoteSwiftPackageReference section */
		375A4A9B287FAEDC006E8418 /* XCRemoteSwiftPackageReference "SideMenu" */ = {
			isa = XCRemoteSwiftPackageReference;
			repositoryURL = "https://github.com/jonkykong/SideMenu.git";
			requirement = {
				kind = upToNextMajorVersion;
				minimumVersion = 6.0.0;
			};
		};
		375A4A9F287FAF55006E8418 /* XCRemoteSwiftPackageReference "FSCalendar" */ = {
			isa = XCRemoteSwiftPackageReference;
			repositoryURL = "https://github.com/WenchaoD/FSCalendar.git";
			requirement = {
				kind = upToNextMajorVersion;
				minimumVersion = 2.0.0;
			};
		};
		375A4AA2287FAFA6006E8418 /* XCRemoteSwiftPackageReference "TextFieldEffects" */ = {
			isa = XCRemoteSwiftPackageReference;
			repositoryURL = "https://github.com/raulriera/TextFieldEffects.git";
			requirement = {
				kind = upToNextMajorVersion;
				minimumVersion = 1.0.0;
			};
		};
		37EEB700287FBE4B00468B89 /* XCRemoteSwiftPackageReference "IQKeyboardManager" */ = {
			isa = XCRemoteSwiftPackageReference;
			repositoryURL = "https://github.com/hackiftekhar/IQKeyboardManager.git";
			requirement = {
				kind = exactVersion;
				version = 6.5.0;
			};
		};
/* End XCRemoteSwiftPackageReference section */

/* Begin XCSwiftPackageProductDependency section */
		375A4A9C287FAEDD006E8418 /* SideMenu */ = {
			isa = XCSwiftPackageProductDependency;
			package = 375A4A9B287FAEDC006E8418 /* XCRemoteSwiftPackageReference "SideMenu" */;
			productName = SideMenu;
		};
		375A4AA0287FAF55006E8418 /* FSCalendar */ = {
			isa = XCSwiftPackageProductDependency;
			package = 375A4A9F287FAF55006E8418 /* XCRemoteSwiftPackageReference "FSCalendar" */;
			productName = FSCalendar;
		};
		375A4AA3287FAFA6006E8418 /* TextFieldEffects */ = {
			isa = XCSwiftPackageProductDependency;
			package = 375A4AA2287FAFA6006E8418 /* XCRemoteSwiftPackageReference "TextFieldEffects" */;
			productName = TextFieldEffects;
		};
		37EEB701287FBE4B00468B89 /* IQKeyboardManagerSwift */ = {
			isa = XCSwiftPackageProductDependency;
			package = 37EEB700287FBE4B00468B89 /* XCRemoteSwiftPackageReference "IQKeyboardManager" */;
			productName = IQKeyboardManagerSwift;
		};
/* End XCSwiftPackageProductDependency section */
	};
	rootObject = 379621FB287BA6E9001DAEE8 /* Project object */;
}
